{
  "buildMode": "updated",
  "generatedBy": "skillset@0.1.0",
  "items": [
    {
      "files": [
        "skillset-adrs/SKILL.md",
        "skillset-adrs/assets/adr-management.md",
        "skillset-adrs/scripts/__tests__/promote-rewrite.test.ts",
        "skillset-adrs/scripts/adr.ts",
        "skillset-adrs/scripts/lib/cli.ts",
        "skillset-adrs/scripts/lib/decision-map.ts",
        "skillset-adrs/scripts/lib/discovery.ts",
        "skillset-adrs/scripts/lib/frontmatter.ts",
        "skillset-adrs/scripts/lib/git.ts",
        "skillset-adrs/scripts/lib/index.ts",
        "skillset-adrs/scripts/lib/paths.ts",
        "skillset-adrs/scripts/lib/references.ts"
      ],
      "kind": "standalone-skill",
      "name": "skillset-adrs",
      "outputHash": "sha256:0141e800253fd0e850b9db040cccd8445640d279b64f3cf0c213e7ad0ff8ef41",
      "outputPath": "skillset-adrs/SKILL.md",
      "sourceHash": "sha256:8c477e2db81adbfcaed100ab656b247189350a1fed1ca9f592c0454aef78f8e1",
      "sourcePath": ".skillset/skills/skillset-adrs/SKILL.md",
      "version": "0.1.0"
    },
    {
      "files": [
        "skillset-codex-development/SKILL.md"
      ],
      "kind": "standalone-skill",
      "name": "skillset-codex-development",
      "outputHash": "sha256:52dcfe3530fd375f2845536d286f5224885fe6d664593ec4ca8a4ac4fbb7155e",
      "outputPath": "skillset-codex-development/SKILL.md",
      "sourceHash": "sha256:0727167cb907270ca9deaf0ae2d6a3d3c346a74af962a2d2c8599a6446a4cc4e",
      "sourcePath": ".skillset/skills/skillset-codex-development/SKILL.md",
      "version": "0.1.0"
    },
    {
      "files": [
        "skillset-repo-test-fixtures/SKILL.md"
      ],
      "kind": "standalone-skill",
      "name": "skillset-repo-test-fixtures",
      "outputHash": "sha256:9e665b71c2d3bcf9a853dcb34a64eaf0557602e69cda09959449719dc3a24b17",
      "outputPath": "skillset-repo-test-fixtures/SKILL.md",
      "sourceHash": "sha256:9b558f45d141ee8398a9dddc0426e32c462a9604141834daccc1199a24d0e7cc",
      "sourcePath": ".skillset/skills/skillset-repo-test-fixtures/SKILL.md",
      "version": "0.1.1"
    }
  ],
  "outputRoot": ".agents/skills",
  "schemaVersion": 1,
  "selectedTargets": [
    "claude",
    "codex"
  ],
  "skillsetMetadata": true,
  "sourceRoot": ".skillset",
  "target": "codex"
}
