{
  "buildMode": "updated",
  "features": {
    "promptArguments": true
  },
  "generatedBy": "skillset@0.1.0",
  "items": [
    {
      "files": [
        "skillset-adrs/SKILL.md",
        "skillset-adrs/assets/adr-management.md",
        "skillset-adrs/scripts/__tests__/promote-rewrite.test.ts",
        "skillset-adrs/scripts/adr.ts",
        "skillset-adrs/scripts/lib/cli.ts",
        "skillset-adrs/scripts/lib/decision-map.ts",
        "skillset-adrs/scripts/lib/discovery.ts",
        "skillset-adrs/scripts/lib/frontmatter.ts",
        "skillset-adrs/scripts/lib/git.ts",
        "skillset-adrs/scripts/lib/index.ts",
        "skillset-adrs/scripts/lib/paths.ts",
        "skillset-adrs/scripts/lib/references.ts"
      ],
      "kind": "standalone-skill",
      "name": "skillset-adrs",
      "outputHash": "sha256:2d8b1827edf14c73728636774799c7e14601201597c435567a2b3a9308399e29",
      "outputPath": "skillset-adrs/SKILL.md",
      "sourceHash": "sha256:b4f15e3dd5655f4e96f0ee31c937ddb1564de511afbcf7178f900ede8aca6fbb",
      "sourcePath": ".skillset/skills/skillset-adrs/SKILL.md",
      "version": "0.1.0"
    },
    {
      "files": [
        "skillset-codex-development/SKILL.md"
      ],
      "kind": "standalone-skill",
      "name": "skillset-codex-development",
      "outputHash": "sha256:8ffe90e3636cf4a779469c5c91d00af2da76dcdda09abe9cec8ea222c1bbea44",
      "outputPath": "skillset-codex-development/SKILL.md",
      "sourceHash": "sha256:19d250bc101ede8294c0f1ed3a7ced59153f58c219329859d4ba91ddbe6b5755",
      "sourcePath": ".skillset/skills/skillset-codex-development/SKILL.md",
      "version": "0.1.1"
    },
    {
      "files": [
        "skillset-repo-test-fixtures/SKILL.md"
      ],
      "kind": "standalone-skill",
      "name": "skillset-repo-test-fixtures",
      "outputHash": "sha256:66ce349f46964f0fe4ca342691603621058b98ce4eb5deb13bae1ccfd33778ed",
      "outputPath": "skillset-repo-test-fixtures/SKILL.md",
      "sourceHash": "sha256:430e5046d85f1f1099bfbd32afa8c97713d33c1e30bc27b5de8a07cba5905121",
      "sourcePath": ".skillset/skills/skillset-repo-test-fixtures/SKILL.md",
      "version": "0.1.2"
    }
  ],
  "outputRoot": ".agents/skills",
  "renderResults": [
    {
      "destination": "skill",
      "evidence": [
        {
          "kind": "docs",
          "ref": "docs/features/skills.md"
        },
        {
          "kind": "provider-schema",
          "note": "sha256:eebe9ca02eec5263cd23ff3945b3d3301e0b57861af2d53c76bd620b83ae355b",
          "ref": "codex-skill-metadata-schema",
          "verifiedAt": "2026-06-23"
        },
        {
          "kind": "provider-snapshot",
          "note": "sha256:7e36cc613d0443fcae2963e276a7994d2b321b04471ae2a8941e290ed2654050",
          "ref": "codex-skill",
          "verifiedAt": "2026-06-23"
        }
      ],
      "featureId": "standalone-skills",
      "outputs": [
        {
          "kind": "standalone-skill",
          "path": ".agents/skills/skillset-adrs/SKILL.md"
        },
        {
          "kind": "standalone-skill",
          "path": ".agents/skills/skillset-adrs/assets/adr-management.md"
        },
        {
          "kind": "standalone-skill",
          "path": ".agents/skills/skillset-adrs/scripts/__tests__/promote-rewrite.test.ts"
        },
        {
          "kind": "standalone-skill",
          "path": ".agents/skills/skillset-adrs/scripts/adr.ts"
        },
        {
          "kind": "standalone-skill",
          "path": ".agents/skills/skillset-adrs/scripts/lib/cli.ts"
        },
        {
          "kind": "standalone-skill",
          "path": ".agents/skills/skillset-adrs/scripts/lib/decision-map.ts"
        },
        {
          "kind": "standalone-skill",
          "path": ".agents/skills/skillset-adrs/scripts/lib/discovery.ts"
        },
        {
          "kind": "standalone-skill",
          "path": ".agents/skills/skillset-adrs/scripts/lib/frontmatter.ts"
        },
        {
          "kind": "standalone-skill",
          "path": ".agents/skills/skillset-adrs/scripts/lib/git.ts"
        },
        {
          "kind": "standalone-skill",
          "path": ".agents/skills/skillset-adrs/scripts/lib/index.ts"
        },
        {
          "kind": "standalone-skill",
          "path": ".agents/skills/skillset-adrs/scripts/lib/paths.ts"
        },
        {
          "kind": "standalone-skill",
          "path": ".agents/skills/skillset-adrs/scripts/lib/references.ts"
        }
      ],
      "schema": "skillset-render-result@1",
      "sourcePath": ".skillset/skills/skillset-adrs/SKILL.md",
      "sourceUnit": "skill:skillset-adrs",
      "status": "rendered",
      "target": "codex"
    },
    {
      "destination": "skill",
      "evidence": [
        {
          "kind": "docs",
          "ref": "docs/features/skills.md"
        },
        {
          "kind": "provider-schema",
          "note": "sha256:eebe9ca02eec5263cd23ff3945b3d3301e0b57861af2d53c76bd620b83ae355b",
          "ref": "codex-skill-metadata-schema",
          "verifiedAt": "2026-06-23"
        },
        {
          "kind": "provider-snapshot",
          "note": "sha256:7e36cc613d0443fcae2963e276a7994d2b321b04471ae2a8941e290ed2654050",
          "ref": "codex-skill",
          "verifiedAt": "2026-06-23"
        }
      ],
      "featureId": "standalone-skills",
      "outputs": [
        {
          "kind": "standalone-skill",
          "path": ".agents/skills/skillset-codex-development/SKILL.md"
        }
      ],
      "schema": "skillset-render-result@1",
      "sourcePath": ".skillset/skills/skillset-codex-development/SKILL.md",
      "sourceUnit": "skill:skillset-codex-development",
      "status": "rendered",
      "target": "codex"
    },
    {
      "destination": "skill",
      "evidence": [
        {
          "kind": "docs",
          "ref": "docs/features/skills.md"
        },
        {
          "kind": "provider-schema",
          "note": "sha256:eebe9ca02eec5263cd23ff3945b3d3301e0b57861af2d53c76bd620b83ae355b",
          "ref": "codex-skill-metadata-schema",
          "verifiedAt": "2026-06-23"
        },
        {
          "kind": "provider-snapshot",
          "note": "sha256:7e36cc613d0443fcae2963e276a7994d2b321b04471ae2a8941e290ed2654050",
          "ref": "codex-skill",
          "verifiedAt": "2026-06-23"
        }
      ],
      "featureId": "standalone-skills",
      "outputs": [
        {
          "kind": "standalone-skill",
          "path": ".agents/skills/skillset-repo-test-fixtures/SKILL.md"
        }
      ],
      "schema": "skillset-render-result@1",
      "sourcePath": ".skillset/skills/skillset-repo-test-fixtures/SKILL.md",
      "sourceUnit": "skill:skillset-repo-test-fixtures",
      "status": "rendered",
      "target": "codex"
    }
  ],
  "schemaVersion": 1,
  "selectedTargets": [
    "claude",
    "codex",
    "cursor"
  ],
  "skillsetMetadata": true,
  "sourceRoot": ".skillset",
  "target": "workspace"
}
