{
  "buildMode": "updated",
  "features": {
    "promptArguments": true
  },
  "generatedBy": "skillset@0.1.0",
  "items": [
    {
      "fileModes": {
        "skillset-adrs/SKILL.md": "0644",
        "skillset-adrs/assets/adr-management.md": "0644",
        "skillset-adrs/scripts/__tests__/amendments.test.ts": "0644",
        "skillset-adrs/scripts/__tests__/promote-rewrite.test.ts": "0644",
        "skillset-adrs/scripts/adr.ts": "0644",
        "skillset-adrs/scripts/lib/amendments.ts": "0644",
        "skillset-adrs/scripts/lib/cli.ts": "0644",
        "skillset-adrs/scripts/lib/decision-map.ts": "0644",
        "skillset-adrs/scripts/lib/discovery.ts": "0644",
        "skillset-adrs/scripts/lib/frontmatter.ts": "0644",
        "skillset-adrs/scripts/lib/git.ts": "0644",
        "skillset-adrs/scripts/lib/index.ts": "0644",
        "skillset-adrs/scripts/lib/paths.ts": "0644",
        "skillset-adrs/scripts/lib/references.ts": "0644"
      },
      "files": [
        "skillset-adrs/SKILL.md",
        "skillset-adrs/assets/adr-management.md",
        "skillset-adrs/scripts/__tests__/amendments.test.ts",
        "skillset-adrs/scripts/__tests__/promote-rewrite.test.ts",
        "skillset-adrs/scripts/adr.ts",
        "skillset-adrs/scripts/lib/amendments.ts",
        "skillset-adrs/scripts/lib/cli.ts",
        "skillset-adrs/scripts/lib/decision-map.ts",
        "skillset-adrs/scripts/lib/discovery.ts",
        "skillset-adrs/scripts/lib/frontmatter.ts",
        "skillset-adrs/scripts/lib/git.ts",
        "skillset-adrs/scripts/lib/index.ts",
        "skillset-adrs/scripts/lib/paths.ts",
        "skillset-adrs/scripts/lib/references.ts"
      ],
      "kind": "standalone-skill",
      "name": "skillset-adrs",
      "outputHash": "sha256:626574e1638cee9d869057542c1e90494a808b3c93077ec02f253db0b309e6ee",
      "outputPath": "skillset-adrs/SKILL.md",
      "sourceHash": "sha256:c0aecb7d7cf7076da2b50eb2786771bd050d31005508610255c38223f2b1fffc",
      "sourcePath": ".skillset/skills/skillset-adrs/SKILL.md",
      "version": "0.1.0"
    },
    {
      "fileModes": {
        "skillset-codex-development/SKILL.md": "0644"
      },
      "files": [
        "skillset-codex-development/SKILL.md"
      ],
      "kind": "standalone-skill",
      "name": "skillset-codex-development",
      "outputHash": "sha256:ddfde1e46a205b79b0d4e3fd2e3d4eef8f9480d8a9a73a4be224f8c98dd5beb6",
      "outputPath": "skillset-codex-development/SKILL.md",
      "sourceHash": "sha256:1e4f3fcc495e167954927d008d4cb6e78c639fbf6899d8951db82193938f5d75",
      "sourcePath": ".skillset/skills/skillset-codex-development/SKILL.md",
      "version": "0.1.1"
    },
    {
      "fileModes": {
        "skillset-repo-test-fixtures/SKILL.md": "0644"
      },
      "files": [
        "skillset-repo-test-fixtures/SKILL.md"
      ],
      "kind": "standalone-skill",
      "name": "skillset-repo-test-fixtures",
      "outputHash": "sha256:1a90c2a647075447317686bc8d9a8abbe4351ec4b3f7038ce591e4aa74914082",
      "outputPath": "skillset-repo-test-fixtures/SKILL.md",
      "sourceHash": "sha256:cf5fe33d9da8c7f43458d226575f63d6f724fb910fdea0f91e9a3922f5e5d2df",
      "sourcePath": ".skillset/skills/skillset-repo-test-fixtures/SKILL.md",
      "version": "0.1.2"
    }
  ],
  "outputRoot": ".agents/skills",
  "renderResults": [
    {
      "destination": "skill",
      "evidence": [
        {
          "kind": "docs",
          "ref": "docs/features/skills.md"
        },
        {
          "kind": "provider-schema",
          "note": "sha256:eebe9ca02eec5263cd23ff3945b3d3301e0b57861af2d53c76bd620b83ae355b",
          "ref": "codex-skill-metadata-schema",
          "verifiedAt": "2026-06-23"
        },
        {
          "kind": "provider-snapshot",
          "note": "sha256:7e36cc613d0443fcae2963e276a7994d2b321b04471ae2a8941e290ed2654050",
          "ref": "codex-skill",
          "verifiedAt": "2026-06-23"
        }
      ],
      "featureId": "standalone-skills",
      "outputs": [
        {
          "kind": "standalone-skill",
          "path": ".agents/skills/skillset-adrs/SKILL.md"
        },
        {
          "kind": "standalone-skill",
          "path": ".agents/skills/skillset-adrs/assets/adr-management.md"
        },
        {
          "kind": "standalone-skill",
          "path": ".agents/skills/skillset-adrs/scripts/__tests__/amendments.test.ts"
        },
        {
          "kind": "standalone-skill",
          "path": ".agents/skills/skillset-adrs/scripts/__tests__/promote-rewrite.test.ts"
        },
        {
          "kind": "standalone-skill",
          "path": ".agents/skills/skillset-adrs/scripts/adr.ts"
        },
        {
          "kind": "standalone-skill",
          "path": ".agents/skills/skillset-adrs/scripts/lib/amendments.ts"
        },
        {
          "kind": "standalone-skill",
          "path": ".agents/skills/skillset-adrs/scripts/lib/cli.ts"
        },
        {
          "kind": "standalone-skill",
          "path": ".agents/skills/skillset-adrs/scripts/lib/decision-map.ts"
        },
        {
          "kind": "standalone-skill",
          "path": ".agents/skills/skillset-adrs/scripts/lib/discovery.ts"
        },
        {
          "kind": "standalone-skill",
          "path": ".agents/skills/skillset-adrs/scripts/lib/frontmatter.ts"
        },
        {
          "kind": "standalone-skill",
          "path": ".agents/skills/skillset-adrs/scripts/lib/git.ts"
        },
        {
          "kind": "standalone-skill",
          "path": ".agents/skills/skillset-adrs/scripts/lib/index.ts"
        },
        {
          "kind": "standalone-skill",
          "path": ".agents/skills/skillset-adrs/scripts/lib/paths.ts"
        },
        {
          "kind": "standalone-skill",
          "path": ".agents/skills/skillset-adrs/scripts/lib/references.ts"
        }
      ],
      "schema": "skillset-render-result@1",
      "sourcePath": ".skillset/skills/skillset-adrs/SKILL.md",
      "sourceUnit": "skill:skillset-adrs",
      "status": "rendered",
      "target": "codex"
    },
    {
      "destination": "skill",
      "evidence": [
        {
          "kind": "docs",
          "ref": "docs/features/skills.md"
        },
        {
          "kind": "provider-schema",
          "note": "sha256:eebe9ca02eec5263cd23ff3945b3d3301e0b57861af2d53c76bd620b83ae355b",
          "ref": "codex-skill-metadata-schema",
          "verifiedAt": "2026-06-23"
        },
        {
          "kind": "provider-snapshot",
          "note": "sha256:7e36cc613d0443fcae2963e276a7994d2b321b04471ae2a8941e290ed2654050",
          "ref": "codex-skill",
          "verifiedAt": "2026-06-23"
        }
      ],
      "featureId": "standalone-skills",
      "outputs": [
        {
          "kind": "standalone-skill",
          "path": ".agents/skills/skillset-codex-development/SKILL.md"
        }
      ],
      "schema": "skillset-render-result@1",
      "sourcePath": ".skillset/skills/skillset-codex-development/SKILL.md",
      "sourceUnit": "skill:skillset-codex-development",
      "status": "rendered",
      "target": "codex"
    },
    {
      "destination": "skill",
      "evidence": [
        {
          "kind": "docs",
          "ref": "docs/features/skills.md"
        },
        {
          "kind": "provider-schema",
          "note": "sha256:eebe9ca02eec5263cd23ff3945b3d3301e0b57861af2d53c76bd620b83ae355b",
          "ref": "codex-skill-metadata-schema",
          "verifiedAt": "2026-06-23"
        },
        {
          "kind": "provider-snapshot",
          "note": "sha256:7e36cc613d0443fcae2963e276a7994d2b321b04471ae2a8941e290ed2654050",
          "ref": "codex-skill",
          "verifiedAt": "2026-06-23"
        }
      ],
      "featureId": "standalone-skills",
      "outputs": [
        {
          "kind": "standalone-skill",
          "path": ".agents/skills/skillset-repo-test-fixtures/SKILL.md"
        }
      ],
      "schema": "skillset-render-result@1",
      "sourcePath": ".skillset/skills/skillset-repo-test-fixtures/SKILL.md",
      "sourceUnit": "skill:skillset-repo-test-fixtures",
      "status": "rendered",
      "target": "codex"
    }
  ],
  "schemaVersion": 2,
  "selectedTargets": [
    "claude",
    "codex",
    "cursor"
  ],
  "skillsetMetadata": true,
  "sourceRoot": ".skillset",
  "target": "workspace"
}
