{
  "buildMode": "updated",
  "generatedBy": "skillset@0.1.0",
  "items": [
    {
      "feature": "skill",
      "files": [
        ".skillset/skills/skillset-repo-test-fixtures/CHANGELOG.md"
      ],
      "kind": "changelog",
      "name": "skillset-repo-test-fixtures",
      "outputHash": "sha256:7ffe47fb797eadd7aec24d8f6fbcc747aa02c3ad25782ea7c7efba970847fce3",
      "outputPath": ".skillset/skills/skillset-repo-test-fixtures/CHANGELOG.md",
      "sourceHash": "sha256:595144ac0f6e67bb92fdecaa554de4cbc6d2ffecd7cdcd75124b5e58005e9467",
      "sourcePath": ".skillset/skills/skillset-repo-test-fixtures/SKILL.md",
      "targetState": "generated",
      "validation": "structured"
    },
    {
      "files": [
        "fixtures/AGENTS.md"
      ],
      "kind": "rule",
      "name": "fixtures/AGENTS.md",
      "outputHash": "sha256:a687afae68ff66d7aeb8374df6a0c5626ca36256fb1583f609a6969d48d6a2aa",
      "outputPath": "fixtures/AGENTS.md",
      "sourceHash": "sha256:25a99098db8c0faca02a24397cbcf9683aae513822b9bfe36a64de7bd7a52c48",
      "sourcePath": ".skillset/instructions",
      "version": "0.1.0"
    },
    {
      "files": [
        "src/__tests__/AGENTS.md"
      ],
      "kind": "rule",
      "name": "src/__tests__/AGENTS.md",
      "outputHash": "sha256:4cc855b96ea6c79be52190d3656ac2143c59747dc41981ae1af0baa0aa697296",
      "outputPath": "src/__tests__/AGENTS.md",
      "sourceHash": "sha256:25a99098db8c0faca02a24397cbcf9683aae513822b9bfe36a64de7bd7a52c48",
      "sourcePath": ".skillset/instructions",
      "version": "0.1.0"
    }
  ],
  "outputRoot": ".",
  "schemaVersion": 1,
  "selectedTargets": [
    "claude",
    "codex"
  ],
  "skillsetMetadata": true,
  "sourceRoot": ".skillset",
  "target": "workspace"
}
