{
  "buildMode": "updated",
  "features": {
    "promptArguments": true
  },
  "generatedBy": "skillset@0.1.0",
  "items": [
    {
      "files": [
        ".claude/settings.json"
      ],
      "kind": "island",
      "name": "claude:project:settings.json",
      "outputHash": "sha256:09029ad59a3fda94805dedcdba1e6395dce645f94af11e954c0bdba765e03db3",
      "outputPath": ".claude/settings.json",
      "preprocessDependencies": [],
      "sourceHash": "sha256:9723be1d416c67cd5120b86e4843592ec550b16b2da2bf73437bcd12bb86fbbd",
      "sourcePath": ".skillset/src/_claude/settings.json",
      "validation": "structured",
      "version": "0.1.1"
    },
    {
      "files": [
        ".codex/hooks/hooks.json"
      ],
      "kind": "island",
      "name": "codex:project:hooks/hooks.json",
      "outputHash": "sha256:a7d114c666c2313314ee05ea03f08afa30692c05df20a17ca6fc04be480f78de",
      "outputPath": ".codex/hooks/hooks.json",
      "preprocessDependencies": [],
      "sourceHash": "sha256:ae49c5b7263e3599f404cb117e4456e626310734973fac9b1975f1c5b94497d8",
      "sourcePath": ".skillset/src/_codex/hooks/hooks.json",
      "validation": "structured",
      "version": "0.1.1"
    },
    {
      "feature": "plugin",
      "files": [
        ".skillset/src/plugins/skillset/CHANGELOG.md"
      ],
      "kind": "changelog",
      "name": "skillset",
      "outputHash": "sha256:c7d6698dc26bdf0a42f433d7d13bda134ee0f0a13ffee0f9ad17d1dc57f0d907",
      "outputPath": ".skillset/src/plugins/skillset/CHANGELOG.md",
      "sourceHash": "sha256:f50c452c78adcfdaeeac449f639270b6a295e1b3a585317ed86e151061c63294",
      "sourcePath": ".skillset/src/plugins/skillset/skillset.yaml",
      "targetState": "generated",
      "validation": "structured"
    },
    {
      "feature": "skill",
      "files": [
        ".skillset/src/skills/skillset-codex-development/CHANGELOG.md"
      ],
      "kind": "changelog",
      "name": "skillset-codex-development",
      "outputHash": "sha256:b6dff4a62cdda2d94eb79db16a40e78897eae3ce3c4d793d3fde44f21cabf411",
      "outputPath": ".skillset/src/skills/skillset-codex-development/CHANGELOG.md",
      "sourceHash": "sha256:dadaaadb8d4aa6e3381e066946f0eacc2ffe13b608bb942ebb12463d33090289",
      "sourcePath": ".skillset/src/skills/skillset-codex-development/SKILL.md",
      "targetState": "generated",
      "validation": "structured"
    },
    {
      "feature": "skill",
      "files": [
        ".skillset/src/skills/skillset-repo-test-fixtures/CHANGELOG.md"
      ],
      "kind": "changelog",
      "name": "skillset-repo-test-fixtures",
      "outputHash": "sha256:72b5d33a57fbac6355757f3597530439e5d3d48fdba2a3bd0106bf5d3c437a99",
      "outputPath": ".skillset/src/skills/skillset-repo-test-fixtures/CHANGELOG.md",
      "sourceHash": "sha256:8202341e691024a384c9cb66bf2802f5c0d9d826953dafd886b4e792b6bcc106",
      "sourcePath": ".skillset/src/skills/skillset-repo-test-fixtures/SKILL.md",
      "targetState": "generated",
      "validation": "structured"
    },
    {
      "files": [
        "apps/skillset/src/__tests__/AGENTS.md"
      ],
      "kind": "rule",
      "name": "apps/skillset/src/__tests__/AGENTS.md",
      "outputHash": "sha256:358a263080a490475289551f7108d57075cac381fb92bee25d15abea1c770aac",
      "outputPath": "apps/skillset/src/__tests__/AGENTS.md",
      "sourceHash": "sha256:2803bec4ace563aabd98e3574d55872763bbefc6ff3caaef49d152e726a9959c",
      "sourcePath": ".skillset/src/rules",
      "version": "0.1.1"
    },
    {
      "files": [
        "fixtures/AGENTS.md"
      ],
      "kind": "rule",
      "name": "fixtures/AGENTS.md",
      "outputHash": "sha256:02484dac6ad633fd8bad8faed2e9fd55b665b7ac4177a200a30f5860994e9554",
      "outputPath": "fixtures/AGENTS.md",
      "sourceHash": "sha256:2803bec4ace563aabd98e3574d55872763bbefc6ff3caaef49d152e726a9959c",
      "sourcePath": ".skillset/src/rules",
      "version": "0.1.1"
    }
  ],
  "outputRoot": ".",
  "renderResults": [
    {
      "destination": "changelog",
      "evidence": [
        {
          "kind": "test",
          "note": "SET-38 release apply coverage",
          "ref": "apps/skillset/src/__tests__/contract.test.ts"
        }
      ],
      "featureId": "releases",
      "outputs": [
        {
          "kind": "changelog",
          "path": ".skillset/src/plugins/skillset/CHANGELOG.md"
        }
      ],
      "schema": "skillset-render-result@1",
      "sourcePath": ".skillset/src/plugins/skillset/skillset.yaml",
      "sourceUnit": ".skillset/src/plugins/skillset/skillset.yaml",
      "status": "metadata_only"
    },
    {
      "destination": "changelog",
      "evidence": [
        {
          "kind": "test",
          "note": "SET-38 release apply coverage",
          "ref": "apps/skillset/src/__tests__/contract.test.ts"
        }
      ],
      "featureId": "releases",
      "outputs": [
        {
          "kind": "changelog",
          "path": ".skillset/src/skills/skillset-codex-development/CHANGELOG.md"
        }
      ],
      "schema": "skillset-render-result@1",
      "sourcePath": ".skillset/src/skills/skillset-codex-development/SKILL.md",
      "sourceUnit": ".skillset/src/skills/skillset-codex-development/SKILL.md",
      "status": "metadata_only"
    },
    {
      "destination": "changelog",
      "evidence": [
        {
          "kind": "test",
          "note": "SET-38 release apply coverage",
          "ref": "apps/skillset/src/__tests__/contract.test.ts"
        }
      ],
      "featureId": "releases",
      "outputs": [
        {
          "kind": "changelog",
          "path": ".skillset/src/skills/skillset-repo-test-fixtures/CHANGELOG.md"
        }
      ],
      "schema": "skillset-render-result@1",
      "sourcePath": ".skillset/src/skills/skillset-repo-test-fixtures/SKILL.md",
      "sourceUnit": ".skillset/src/skills/skillset-repo-test-fixtures/SKILL.md",
      "status": "metadata_only"
    }
  ],
  "schemaVersion": 1,
  "selectedTargets": [
    "claude",
    "codex"
  ],
  "skillsetMetadata": true,
  "sourceRoot": ".skillset/src",
  "target": "workspace"
}
