{
  "buildMode": "updated",
  "features": {
    "promptArguments": true
  },
  "generatedBy": "skillset@0.1.0",
  "items": [
    {
      "fileModes": {
        ".claude/settings.json": "0644"
      },
      "files": [
        ".claude/settings.json"
      ],
      "kind": "island",
      "name": "claude:project:settings.json",
      "outputHash": "sha256:72ff7c747fd2e1408fabd8035669d4584756c05ed129abf564d29037f1deef2f",
      "outputPath": ".claude/settings.json",
      "preprocessDependencies": [],
      "sourceHash": "sha256:713324eeb285f7b5c087321cbdb94f4798d7b79bfd877c9787e9b4320abe90fe",
      "sourcePath": ".skillset/_claude/settings.json",
      "validation": "structured",
      "version": "0.1.1"
    },
    {
      "fileModes": {
        ".codex/hooks/hooks.json": "0644"
      },
      "files": [
        ".codex/hooks/hooks.json"
      ],
      "kind": "island",
      "name": "codex:project:hooks/hooks.json",
      "outputHash": "sha256:fdcde720382edcb35f12b8ac6732c4a28bca7c1167941d46f2ee683b1c4382a4",
      "outputPath": ".codex/hooks/hooks.json",
      "preprocessDependencies": [],
      "sourceHash": "sha256:83bd50d9972ac7db83484849f0d78fc30b131f7d80aed1190ede15c3175cee06",
      "sourcePath": ".skillset/_codex/hooks/hooks.json",
      "validation": "structured",
      "version": "0.1.1"
    },
    {
      "fileModes": {
        ".cursor/rules/fixtures.mdc": "0644"
      },
      "files": [
        ".cursor/rules/fixtures.mdc"
      ],
      "kind": "rule",
      "name": "fixtures",
      "outputHash": "sha256:96097dc24d136d495c3fe42f163f5e3f674cb115d4bc86692b784c64e1e611bc",
      "outputPath": ".cursor/rules/fixtures.mdc",
      "sourceHash": "sha256:1043977d0388d8a6732af71ad48dbdc966012ed28b6da39189ec0ebcdfaa6ed6",
      "sourcePath": ".skillset/rules/fixtures.md",
      "version": "0.1.1"
    },
    {
      "feature": "plugin",
      "fileModes": {
        ".skillset/plugins/skillset/CHANGELOG.md": "0644"
      },
      "files": [
        ".skillset/plugins/skillset/CHANGELOG.md"
      ],
      "kind": "changelog",
      "name": "skillset",
      "outputHash": "sha256:ce69ba3b8858cc2b15a523f258fe9f96c14ee692fc2d06f4e70665f8b78b94c9",
      "outputPath": ".skillset/plugins/skillset/CHANGELOG.md",
      "sourceHash": "sha256:f50c452c78adcfdaeeac449f639270b6a295e1b3a585317ed86e151061c63294",
      "sourcePath": ".skillset/plugins/skillset/skillset.yaml",
      "targetState": "generated",
      "validation": "structured"
    },
    {
      "fileModes": {
        "apps/skillset/src/__tests__/AGENTS.md": "0644"
      },
      "files": [
        "apps/skillset/src/__tests__/AGENTS.md"
      ],
      "kind": "rule",
      "name": "apps/skillset/src/__tests__/AGENTS.md",
      "outputHash": "sha256:9e5f8d617e9bc6ac46f943dc3295140cf598bf2bff053620d4e5a707b2c199d6",
      "outputPath": "apps/skillset/src/__tests__/AGENTS.md",
      "sourceHash": "sha256:1043977d0388d8a6732af71ad48dbdc966012ed28b6da39189ec0ebcdfaa6ed6",
      "sourcePath": ".skillset/rules",
      "version": "0.1.1"
    },
    {
      "fileModes": {
        "fixtures/AGENTS.md": "0644"
      },
      "files": [
        "fixtures/AGENTS.md"
      ],
      "kind": "rule",
      "name": "fixtures/AGENTS.md",
      "outputHash": "sha256:3bc1e0423b64f558fa90e3b9d73eb3f12f74dc3579bb1a51b21b85f377ffa8df",
      "outputPath": "fixtures/AGENTS.md",
      "sourceHash": "sha256:1043977d0388d8a6732af71ad48dbdc966012ed28b6da39189ec0ebcdfaa6ed6",
      "sourcePath": ".skillset/rules",
      "version": "0.1.1"
    }
  ],
  "outputRoot": ".",
  "provenanceHash": "sha256:d21fe4fce190c79443cc9c1cb1ab39d689e8250fb89e82bed70f078c849ed7ae",
  "renderResults": [
    {
      "destination": "changelog",
      "evidence": [
        {
          "kind": "test",
          "note": "SET-38 release apply coverage",
          "ref": "apps/skillset/src/__tests__/contract.test.ts"
        }
      ],
      "featureId": "releases",
      "outputs": [
        {
          "kind": "changelog",
          "path": ".skillset/plugins/skillset/CHANGELOG.md"
        }
      ],
      "schema": "skillset-render-result@1",
      "sourcePath": ".skillset/plugins/skillset/skillset.yaml",
      "sourceUnit": ".skillset/plugins/skillset/skillset.yaml",
      "status": "metadata_only"
    },
    {
      "destination": "target-native-island",
      "evidence": [
        {
          "kind": "test",
          "note": "provider source coverage",
          "ref": "apps/skillset/src/__tests__/skillset.test.ts"
        }
      ],
      "featureId": "target-native-islands",
      "outputs": [
        {
          "kind": "island",
          "path": ".claude/settings.json"
        }
      ],
      "schema": "skillset-render-result@1",
      "sourcePath": ".skillset/_claude/settings.json",
      "sourceUnit": "claude.settingsjson:settings.json",
      "status": "target_native",
      "target": "claude"
    },
    {
      "destination": "target-native-island",
      "evidence": [
        {
          "kind": "test",
          "note": "provider source coverage",
          "ref": "apps/skillset/src/__tests__/skillset.test.ts"
        }
      ],
      "featureId": "target-native-islands",
      "outputs": [
        {
          "kind": "island",
          "path": ".codex/hooks/hooks.json"
        }
      ],
      "schema": "skillset-render-result@1",
      "sourcePath": ".skillset/_codex/hooks/hooks.json",
      "sourceUnit": "codex.hooks:hooks/hooks.json",
      "status": "target_native",
      "target": "codex"
    },
    {
      "destination": "instruction",
      "evidence": [
        {
          "kind": "docs",
          "ref": "docs/reference/features/instructions.md"
        },
        {
          "kind": "provider-overlay",
          "note": "Codex AGENTS.md discovery and merge behavior is currently documented in prose; no adopted JSON Schema source is available.",
          "ref": "codex-agents-md-overlay"
        },
        {
          "kind": "provider-snapshot",
          "note": "sha256:3f6a53f45530261b0b2fafa705b1b01b8cc2b7c817eae3263226f2fd89fbae17",
          "ref": "codex-agents-md",
          "verifiedAt": "2026-06-23"
        }
      ],
      "featureId": "project-instructions",
      "outputs": [
        {
          "kind": "rule",
          "path": "apps/skillset/src/__tests__/AGENTS.md"
        }
      ],
      "schema": "skillset-render-result@1",
      "sourcePath": ".skillset/rules",
      "sourceUnit": "instruction:apps/skillset/src/__tests__/AGENTS.md",
      "status": "transformed",
      "target": "codex"
    },
    {
      "destination": "instruction",
      "evidence": [
        {
          "kind": "docs",
          "ref": "docs/reference/features/instructions.md"
        },
        {
          "kind": "provider-snapshot",
          "note": "sha256:b02aeab7b95d881cd961dfb8c34a5f1e32d2368f234c27d6d2eb65d74e995bd3",
          "ref": "cursor-rules",
          "verifiedAt": "2026-06-23"
        }
      ],
      "featureId": "project-instructions",
      "outputs": [
        {
          "kind": "rule",
          "path": ".cursor/rules/fixtures.mdc"
        }
      ],
      "schema": "skillset-render-result@1",
      "sourcePath": ".skillset/rules/fixtures.md",
      "sourceUnit": "instruction:fixtures",
      "status": "transformed",
      "target": "cursor"
    },
    {
      "destination": "instruction",
      "evidence": [
        {
          "kind": "docs",
          "ref": "docs/reference/features/instructions.md"
        },
        {
          "kind": "provider-overlay",
          "note": "Codex AGENTS.md discovery and merge behavior is currently documented in prose; no adopted JSON Schema source is available.",
          "ref": "codex-agents-md-overlay"
        },
        {
          "kind": "provider-snapshot",
          "note": "sha256:3f6a53f45530261b0b2fafa705b1b01b8cc2b7c817eae3263226f2fd89fbae17",
          "ref": "codex-agents-md",
          "verifiedAt": "2026-06-23"
        }
      ],
      "featureId": "project-instructions",
      "outputs": [
        {
          "kind": "rule",
          "path": "fixtures/AGENTS.md"
        }
      ],
      "schema": "skillset-render-result@1",
      "sourcePath": ".skillset/rules",
      "sourceUnit": "instruction:fixtures/AGENTS.md",
      "status": "transformed",
      "target": "codex"
    }
  ],
  "schemaVersion": 2,
  "selectedTargets": [
    "claude",
    "codex",
    "cursor"
  ],
  "skillsetMetadata": true,
  "sourceRoot": ".skillset",
  "target": "workspace"
}
