{
  "buildMode": "updated",
  "features": {
    "promptArguments": true
  },
  "generatedBy": "skillset@0.1.0",
  "items": [
    {
      "fileModes": {
        ".claude/settings.json": "0644"
      },
      "files": [
        ".claude/settings.json"
      ],
      "kind": "island",
      "name": "claude:project:settings.json",
      "outputHash": "sha256:72ff7c747fd2e1408fabd8035669d4584756c05ed129abf564d29037f1deef2f",
      "outputPath": ".claude/settings.json",
      "preprocessDependencies": [],
      "sourceHash": "sha256:713324eeb285f7b5c087321cbdb94f4798d7b79bfd877c9787e9b4320abe90fe",
      "sourcePath": ".skillset/_claude/settings.json",
      "validation": "structured",
      "version": "0.1.1"
    },
    {
      "fileModes": {
        ".codex/hooks/hooks.json": "0644"
      },
      "files": [
        ".codex/hooks/hooks.json"
      ],
      "kind": "island",
      "name": "codex:project:hooks/hooks.json",
      "outputHash": "sha256:fdcde720382edcb35f12b8ac6732c4a28bca7c1167941d46f2ee683b1c4382a4",
      "outputPath": ".codex/hooks/hooks.json",
      "preprocessDependencies": [],
      "sourceHash": "sha256:83bd50d9972ac7db83484849f0d78fc30b131f7d80aed1190ede15c3175cee06",
      "sourcePath": ".skillset/_codex/hooks/hooks.json",
      "validation": "structured",
      "version": "0.1.1"
    },
    {
      "fileModes": {
        ".cursor/rules/fixtures.mdc": "0644"
      },
      "files": [
        ".cursor/rules/fixtures.mdc"
      ],
      "kind": "rule",
      "name": "fixtures",
      "outputHash": "sha256:2890f655f99d36aafaf0a6c06c3f5d0aca3f84b951120f07e2d594e099952bbd",
      "outputPath": ".cursor/rules/fixtures.mdc",
      "sourceHash": "sha256:3d87ce1731a991776a4e2125f3251a5ebdfdb1845f42a049ffed4ba361d9db36",
      "sourcePath": ".skillset/rules/fixtures.md",
      "version": "0.1.1"
    },
    {
      "feature": "plugin",
      "fileModes": {
        ".skillset/plugins/skillset/CHANGELOG.md": "0644"
      },
      "files": [
        ".skillset/plugins/skillset/CHANGELOG.md"
      ],
      "kind": "changelog",
      "name": "skillset",
      "outputHash": "sha256:ce69ba3b8858cc2b15a523f258fe9f96c14ee692fc2d06f4e70665f8b78b94c9",
      "outputPath": ".skillset/plugins/skillset/CHANGELOG.md",
      "sourceHash": "sha256:f50c452c78adcfdaeeac449f639270b6a295e1b3a585317ed86e151061c63294",
      "sourcePath": ".skillset/plugins/skillset/skillset.yaml",
      "targetState": "generated",
      "validation": "structured"
    },
    {
      "feature": "skill",
      "fileModes": {
        ".skillset/skills/skillset-codex-development/CHANGELOG.md": "0644"
      },
      "files": [
        ".skillset/skills/skillset-codex-development/CHANGELOG.md"
      ],
      "kind": "changelog",
      "name": "skillset-codex-development",
      "outputHash": "sha256:ec717d635067ba5aa296b1a5d2d24fd166e6928174eddbd6a7ab417ea1399cf9",
      "outputPath": ".skillset/skills/skillset-codex-development/CHANGELOG.md",
      "sourceHash": "sha256:dadaaadb8d4aa6e3381e066946f0eacc2ffe13b608bb942ebb12463d33090289",
      "sourcePath": ".skillset/skills/skillset-codex-development/SKILL.md",
      "targetState": "generated",
      "validation": "structured"
    },
    {
      "feature": "skill",
      "fileModes": {
        ".skillset/skills/skillset-repo-test-fixtures/CHANGELOG.md": "0644"
      },
      "files": [
        ".skillset/skills/skillset-repo-test-fixtures/CHANGELOG.md"
      ],
      "kind": "changelog",
      "name": "skillset-repo-test-fixtures",
      "outputHash": "sha256:3eefaa4c79a7665054a1cec74937b603471a9055b8033dd571de37adf261831a",
      "outputPath": ".skillset/skills/skillset-repo-test-fixtures/CHANGELOG.md",
      "sourceHash": "sha256:8202341e691024a384c9cb66bf2802f5c0d9d826953dafd886b4e792b6bcc106",
      "sourcePath": ".skillset/skills/skillset-repo-test-fixtures/SKILL.md",
      "targetState": "generated",
      "validation": "structured"
    },
    {
      "fileModes": {
        "apps/skillset/src/__tests__/AGENTS.md": "0644"
      },
      "files": [
        "apps/skillset/src/__tests__/AGENTS.md"
      ],
      "kind": "rule",
      "name": "apps/skillset/src/__tests__/AGENTS.md",
      "outputHash": "sha256:166971f6521e3fe443e6605ba6e2738e6f299995766f10e4f743c16fce9451d8",
      "outputPath": "apps/skillset/src/__tests__/AGENTS.md",
      "sourceHash": "sha256:3d87ce1731a991776a4e2125f3251a5ebdfdb1845f42a049ffed4ba361d9db36",
      "sourcePath": ".skillset/rules",
      "version": "0.1.1"
    },
    {
      "fileModes": {
        "fixtures/AGENTS.md": "0644"
      },
      "files": [
        "fixtures/AGENTS.md"
      ],
      "kind": "rule",
      "name": "fixtures/AGENTS.md",
      "outputHash": "sha256:2f165f1f6644db9ab38994d0a233a8a55fa664f37becd67e2ac51af682d39cf5",
      "outputPath": "fixtures/AGENTS.md",
      "sourceHash": "sha256:3d87ce1731a991776a4e2125f3251a5ebdfdb1845f42a049ffed4ba361d9db36",
      "sourcePath": ".skillset/rules",
      "version": "0.1.1"
    }
  ],
  "outputRoot": ".",
  "renderResults": [
    {
      "destination": "changelog",
      "evidence": [
        {
          "kind": "test",
          "note": "SET-38 release apply coverage",
          "ref": "apps/skillset/src/__tests__/contract.test.ts"
        }
      ],
      "featureId": "releases",
      "outputs": [
        {
          "kind": "changelog",
          "path": ".skillset/plugins/skillset/CHANGELOG.md"
        }
      ],
      "schema": "skillset-render-result@1",
      "sourcePath": ".skillset/plugins/skillset/skillset.yaml",
      "sourceUnit": ".skillset/plugins/skillset/skillset.yaml",
      "status": "metadata_only"
    },
    {
      "destination": "changelog",
      "evidence": [
        {
          "kind": "test",
          "note": "SET-38 release apply coverage",
          "ref": "apps/skillset/src/__tests__/contract.test.ts"
        }
      ],
      "featureId": "releases",
      "outputs": [
        {
          "kind": "changelog",
          "path": ".skillset/skills/skillset-codex-development/CHANGELOG.md"
        }
      ],
      "schema": "skillset-render-result@1",
      "sourcePath": ".skillset/skills/skillset-codex-development/SKILL.md",
      "sourceUnit": ".skillset/skills/skillset-codex-development/SKILL.md",
      "status": "metadata_only"
    },
    {
      "destination": "changelog",
      "evidence": [
        {
          "kind": "test",
          "note": "SET-38 release apply coverage",
          "ref": "apps/skillset/src/__tests__/contract.test.ts"
        }
      ],
      "featureId": "releases",
      "outputs": [
        {
          "kind": "changelog",
          "path": ".skillset/skills/skillset-repo-test-fixtures/CHANGELOG.md"
        }
      ],
      "schema": "skillset-render-result@1",
      "sourcePath": ".skillset/skills/skillset-repo-test-fixtures/SKILL.md",
      "sourceUnit": ".skillset/skills/skillset-repo-test-fixtures/SKILL.md",
      "status": "metadata_only"
    },
    {
      "destination": "target-native-island",
      "evidence": [
        {
          "kind": "test",
          "note": "provider source coverage",
          "ref": "apps/skillset/src/__tests__/skillset.test.ts"
        }
      ],
      "featureId": "target-native-islands",
      "outputs": [
        {
          "kind": "island",
          "path": ".claude/settings.json"
        }
      ],
      "schema": "skillset-render-result@1",
      "sourcePath": ".skillset/_claude/settings.json",
      "sourceUnit": "claude.settingsjson:settings.json",
      "status": "target_native",
      "target": "claude"
    },
    {
      "destination": "target-native-island",
      "evidence": [
        {
          "kind": "test",
          "note": "provider source coverage",
          "ref": "apps/skillset/src/__tests__/skillset.test.ts"
        }
      ],
      "featureId": "target-native-islands",
      "outputs": [
        {
          "kind": "island",
          "path": ".codex/hooks/hooks.json"
        }
      ],
      "schema": "skillset-render-result@1",
      "sourcePath": ".skillset/_codex/hooks/hooks.json",
      "sourceUnit": "codex.hooks:hooks/hooks.json",
      "status": "target_native",
      "target": "codex"
    },
    {
      "destination": "instruction",
      "evidence": [
        {
          "kind": "docs",
          "ref": "docs/features/instructions.md"
        },
        {
          "kind": "provider-overlay",
          "note": "Codex AGENTS.md discovery and merge behavior is currently documented in prose; no adopted JSON Schema source is available.",
          "ref": "codex-agents-md-overlay"
        },
        {
          "kind": "provider-snapshot",
          "note": "sha256:3f6a53f45530261b0b2fafa705b1b01b8cc2b7c817eae3263226f2fd89fbae17",
          "ref": "codex-agents-md",
          "verifiedAt": "2026-06-23"
        }
      ],
      "featureId": "project-instructions",
      "outputs": [
        {
          "kind": "rule",
          "path": "apps/skillset/src/__tests__/AGENTS.md"
        }
      ],
      "schema": "skillset-render-result@1",
      "sourcePath": ".skillset/rules",
      "sourceUnit": "instruction:apps/skillset/src/__tests__/AGENTS.md",
      "status": "transformed",
      "target": "codex"
    },
    {
      "destination": "instruction",
      "evidence": [
        {
          "kind": "docs",
          "ref": "docs/features/instructions.md"
        },
        {
          "kind": "provider-snapshot",
          "note": "sha256:b02aeab7b95d881cd961dfb8c34a5f1e32d2368f234c27d6d2eb65d74e995bd3",
          "ref": "cursor-rules",
          "verifiedAt": "2026-06-23"
        }
      ],
      "featureId": "project-instructions",
      "outputs": [
        {
          "kind": "rule",
          "path": ".cursor/rules/fixtures.mdc"
        }
      ],
      "schema": "skillset-render-result@1",
      "sourcePath": ".skillset/rules/fixtures.md",
      "sourceUnit": "instruction:fixtures",
      "status": "transformed",
      "target": "cursor"
    },
    {
      "destination": "instruction",
      "evidence": [
        {
          "kind": "docs",
          "ref": "docs/features/instructions.md"
        },
        {
          "kind": "provider-overlay",
          "note": "Codex AGENTS.md discovery and merge behavior is currently documented in prose; no adopted JSON Schema source is available.",
          "ref": "codex-agents-md-overlay"
        },
        {
          "kind": "provider-snapshot",
          "note": "sha256:3f6a53f45530261b0b2fafa705b1b01b8cc2b7c817eae3263226f2fd89fbae17",
          "ref": "codex-agents-md",
          "verifiedAt": "2026-06-23"
        }
      ],
      "featureId": "project-instructions",
      "outputs": [
        {
          "kind": "rule",
          "path": "fixtures/AGENTS.md"
        }
      ],
      "schema": "skillset-render-result@1",
      "sourcePath": ".skillset/rules",
      "sourceUnit": "instruction:fixtures/AGENTS.md",
      "status": "transformed",
      "target": "codex"
    }
  ],
  "schemaVersion": 2,
  "selectedTargets": [
    "claude",
    "codex",
    "cursor"
  ],
  "skillsetMetadata": true,
  "sourceRoot": ".skillset",
  "target": "workspace"
}
