{
  "generatedBy": "skillset@0.1.0",
  "items": [
    {
      "files": [
        "plugins/skillset/skills/use-skillset/SKILL.md"
      ],
      "kind": "plugin-skill",
      "name": "use-skillset",
      "outputHash": "sha256:f9336e0ccaa596adbc556908eb114be597415c5204822de0b0eff78fdd6b30c4",
      "outputPath": "plugins/skillset/skills/use-skillset/SKILL.md",
      "plugin": "skillset",
      "sourceHash": "sha256:3b4c376b9067f5f1fd7df6fb77ef478f322e37dc1ea34556ffcb41844b4b79f1",
      "sourcePath": ".skillset/plugins/skillset/skills/use-skillset/SKILL.md",
      "version": "0.1.0"
    }
  ],
  "outputRoot": "plugins-claude",
  "schemaVersion": 1,
  "sourceRoot": ".skillset",
  "target": "claude"
}
