{
  "buildMode": "updated",
  "generatedBy": "skillset@0.1.0",
  "items": [
    {
      "files": [
        "plugins/skillset/.claude-plugin/plugin.json"
      ],
      "includedSkills": [
        "use-skillset@0.1.0"
      ],
      "kind": "plugin",
      "name": "skillset",
      "outputHash": "sha256:793ef6687c30393bbf1ab9f2a8942162e11ea7752d0be35887c208f691c3a150",
      "outputPath": "plugins/skillset/.claude-plugin/plugin.json",
      "skippedSkills": [],
      "sourceHash": "sha256:ab05d78b86a2f97dea58b8295a2c4bf7299edb9ac191cfaa2a6d30d1d85a684d",
      "sourcePath": ".skillset/plugins/skillset",
      "targetState": "sync",
      "version": "0.1.0"
    },
    {
      "files": [
        "plugins/skillset/skills/use-skillset/SKILL.md"
      ],
      "kind": "plugin-skill",
      "name": "use-skillset",
      "outputHash": "sha256:b606c97e69d6b879f8f8aef0c1e0a3aa52b60aafe1d1389987e2cc467553b563",
      "outputPath": "plugins/skillset/skills/use-skillset/SKILL.md",
      "plugin": "skillset",
      "sourceHash": "sha256:da02b12e2dcd5867535d2aa98f97cd86488acb9c1745956760f0f0df7772945a",
      "sourcePath": ".skillset/plugins/skillset/skills/use-skillset/SKILL.md",
      "version": "0.1.0"
    }
  ],
  "outputRoot": "plugins-claude",
  "schemaVersion": 1,
  "selectedTargets": [
    "claude",
    "codex"
  ],
  "skillsetMetadata": true,
  "sourceRoot": ".skillset",
  "target": "claude"
}
