{
  "generatedBy": "skillset@0.1.0",
  "items": [
    {
      "files": [
        "plugins/skillset/.claude-plugin/plugin.json"
      ],
      "includedSkills": [
        "use-skillset@0.1.0"
      ],
      "kind": "plugin",
      "name": "skillset",
      "outputHash": "sha256:f781b61074fec6dd1e542c689dd9db301ede1c6a2fd1b20dba3aaff16f579828",
      "outputPath": "plugins/skillset/.claude-plugin/plugin.json",
      "skippedSkills": [],
      "sourceHash": "sha256:aecf83f8302659411b695d86f810a0e6bf4f278d1c38fefef08b89893980cc5f",
      "sourcePath": ".skillset/plugins/skillset",
      "targetState": "sync",
      "version": "0.1.0"
    },
    {
      "files": [
        "plugins/skillset/skills/use-skillset/SKILL.md"
      ],
      "kind": "plugin-skill",
      "name": "use-skillset",
      "outputHash": "sha256:b6279d0cfffba050e8b64f50dcff364cef5ca7202db24d35c24ecb2c335af50a",
      "outputPath": "plugins/skillset/skills/use-skillset/SKILL.md",
      "plugin": "skillset",
      "sourceHash": "sha256:b055d18c69dd1e6f3b96e0768f81ba6a703f575cb09756d6d8712f923d5b7b67",
      "sourcePath": ".skillset/plugins/skillset/skills/use-skillset/SKILL.md",
      "version": "0.1.0"
    }
  ],
  "outputRoot": "plugins-claude",
  "schemaVersion": 1,
  "sourceRoot": ".skillset",
  "target": "claude"
}
