{
  "buildMode": "updated",
  "features": {
    "promptArguments": true
  },
  "generatedBy": "skillset@0.1.0",
  "items": [
    {
      "files": [
        "skillset-adrs/SKILL.md",
        "skillset-adrs/assets/adr-management.md",
        "skillset-adrs/scripts/__tests__/amendments.test.ts",
        "skillset-adrs/scripts/__tests__/promote-rewrite.test.ts",
        "skillset-adrs/scripts/adr.ts",
        "skillset-adrs/scripts/lib/amendments.ts",
        "skillset-adrs/scripts/lib/cli.ts",
        "skillset-adrs/scripts/lib/decision-map.ts",
        "skillset-adrs/scripts/lib/discovery.ts",
        "skillset-adrs/scripts/lib/frontmatter.ts",
        "skillset-adrs/scripts/lib/git.ts",
        "skillset-adrs/scripts/lib/index.ts",
        "skillset-adrs/scripts/lib/paths.ts",
        "skillset-adrs/scripts/lib/references.ts"
      ],
      "kind": "standalone-skill",
      "name": "skillset-adrs",
      "outputHash": "sha256:c8db182df185cde0fa0203c6a8f1995f090690093796da3e59284cc6bded0513",
      "outputPath": "skillset-adrs/SKILL.md",
      "sourceHash": "sha256:d6b0060424d90c5dad48949826c30cb34cee51fc0943116270fb47f3a2617c20",
      "sourcePath": ".skillset/skills/skillset-adrs/SKILL.md",
      "version": "0.1.0"
    },
    {
      "files": [
        "skillset-claude-development/SKILL.md"
      ],
      "kind": "standalone-skill",
      "name": "skillset-claude-development",
      "outputHash": "sha256:e81da87c55661decae85c47e3221b8e0156f5c07d6aa76251fbe49c6c91b557f",
      "outputPath": "skillset-claude-development/SKILL.md",
      "sourceHash": "sha256:402f4641b36968333ffba0651ad6dc24396b8fbd1a526423d5f871b54ee847c1",
      "sourcePath": ".skillset/skills/skillset-claude-development/SKILL.md",
      "version": "0.1.0"
    },
    {
      "files": [
        "skillset-codex-development/SKILL.md"
      ],
      "kind": "standalone-skill",
      "name": "skillset-codex-development",
      "outputHash": "sha256:5b85aeee86d8546ae61ec1ecc601e355ed40321807f0a00f5f5370d08208f93d",
      "outputPath": "skillset-codex-development/SKILL.md",
      "sourceHash": "sha256:fa13fac94359944d57b4d8e008ac55bceaa9dc03cedc480ea0048accf7fae56b",
      "sourcePath": ".skillset/skills/skillset-codex-development/SKILL.md",
      "version": "0.1.1"
    },
    {
      "files": [
        "skillset-repo-test-fixtures/SKILL.md"
      ],
      "kind": "standalone-skill",
      "name": "skillset-repo-test-fixtures",
      "outputHash": "sha256:66ce349f46964f0fe4ca342691603621058b98ce4eb5deb13bae1ccfd33778ed",
      "outputPath": "skillset-repo-test-fixtures/SKILL.md",
      "sourceHash": "sha256:f2d873a80b21d81c01e53b2b6283a9680e488ef6d0335e4571d5f25d8deae4c0",
      "sourcePath": ".skillset/skills/skillset-repo-test-fixtures/SKILL.md",
      "version": "0.1.2"
    }
  ],
  "outputRoot": ".cursor/skills",
  "renderResults": [
    {
      "destination": "skill",
      "evidence": [
        {
          "kind": "docs",
          "ref": "docs/features/skills.md"
        },
        {
          "kind": "provider-snapshot",
          "note": "sha256:70eb2f6bac761f362c4895d71da72e9e5c047b9525f40214844e79122f569201",
          "ref": "cursor-skill",
          "verifiedAt": "2026-06-23"
        }
      ],
      "featureId": "standalone-skills",
      "outputs": [
        {
          "kind": "standalone-skill",
          "path": ".cursor/skills/skillset-adrs/SKILL.md"
        },
        {
          "kind": "standalone-skill",
          "path": ".cursor/skills/skillset-adrs/assets/adr-management.md"
        },
        {
          "kind": "standalone-skill",
          "path": ".cursor/skills/skillset-adrs/scripts/__tests__/amendments.test.ts"
        },
        {
          "kind": "standalone-skill",
          "path": ".cursor/skills/skillset-adrs/scripts/__tests__/promote-rewrite.test.ts"
        },
        {
          "kind": "standalone-skill",
          "path": ".cursor/skills/skillset-adrs/scripts/adr.ts"
        },
        {
          "kind": "standalone-skill",
          "path": ".cursor/skills/skillset-adrs/scripts/lib/amendments.ts"
        },
        {
          "kind": "standalone-skill",
          "path": ".cursor/skills/skillset-adrs/scripts/lib/cli.ts"
        },
        {
          "kind": "standalone-skill",
          "path": ".cursor/skills/skillset-adrs/scripts/lib/decision-map.ts"
        },
        {
          "kind": "standalone-skill",
          "path": ".cursor/skills/skillset-adrs/scripts/lib/discovery.ts"
        },
        {
          "kind": "standalone-skill",
          "path": ".cursor/skills/skillset-adrs/scripts/lib/frontmatter.ts"
        },
        {
          "kind": "standalone-skill",
          "path": ".cursor/skills/skillset-adrs/scripts/lib/git.ts"
        },
        {
          "kind": "standalone-skill",
          "path": ".cursor/skills/skillset-adrs/scripts/lib/index.ts"
        },
        {
          "kind": "standalone-skill",
          "path": ".cursor/skills/skillset-adrs/scripts/lib/paths.ts"
        },
        {
          "kind": "standalone-skill",
          "path": ".cursor/skills/skillset-adrs/scripts/lib/references.ts"
        }
      ],
      "schema": "skillset-render-result@1",
      "sourcePath": ".skillset/skills/skillset-adrs/SKILL.md",
      "sourceUnit": "skill:skillset-adrs",
      "status": "rendered",
      "target": "cursor"
    },
    {
      "destination": "skill",
      "evidence": [
        {
          "kind": "docs",
          "ref": "docs/features/skills.md"
        },
        {
          "kind": "provider-snapshot",
          "note": "sha256:70eb2f6bac761f362c4895d71da72e9e5c047b9525f40214844e79122f569201",
          "ref": "cursor-skill",
          "verifiedAt": "2026-06-23"
        }
      ],
      "featureId": "standalone-skills",
      "outputs": [
        {
          "kind": "standalone-skill",
          "path": ".cursor/skills/skillset-claude-development/SKILL.md"
        }
      ],
      "schema": "skillset-render-result@1",
      "sourcePath": ".skillset/skills/skillset-claude-development/SKILL.md",
      "sourceUnit": "skill:skillset-claude-development",
      "status": "rendered",
      "target": "cursor"
    },
    {
      "destination": "skill",
      "evidence": [
        {
          "kind": "docs",
          "ref": "docs/features/skills.md"
        },
        {
          "kind": "provider-snapshot",
          "note": "sha256:70eb2f6bac761f362c4895d71da72e9e5c047b9525f40214844e79122f569201",
          "ref": "cursor-skill",
          "verifiedAt": "2026-06-23"
        }
      ],
      "featureId": "standalone-skills",
      "outputs": [
        {
          "kind": "standalone-skill",
          "path": ".cursor/skills/skillset-codex-development/SKILL.md"
        }
      ],
      "schema": "skillset-render-result@1",
      "sourcePath": ".skillset/skills/skillset-codex-development/SKILL.md",
      "sourceUnit": "skill:skillset-codex-development",
      "status": "rendered",
      "target": "cursor"
    },
    {
      "destination": "skill",
      "evidence": [
        {
          "kind": "docs",
          "ref": "docs/features/skills.md"
        },
        {
          "kind": "provider-snapshot",
          "note": "sha256:70eb2f6bac761f362c4895d71da72e9e5c047b9525f40214844e79122f569201",
          "ref": "cursor-skill",
          "verifiedAt": "2026-06-23"
        }
      ],
      "featureId": "standalone-skills",
      "outputs": [
        {
          "kind": "standalone-skill",
          "path": ".cursor/skills/skillset-repo-test-fixtures/SKILL.md"
        }
      ],
      "schema": "skillset-render-result@1",
      "sourcePath": ".skillset/skills/skillset-repo-test-fixtures/SKILL.md",
      "sourceUnit": "skill:skillset-repo-test-fixtures",
      "status": "rendered",
      "target": "cursor"
    }
  ],
  "schemaVersion": 1,
  "selectedTargets": [
    "claude",
    "codex",
    "cursor"
  ],
  "skillsetMetadata": true,
  "sourceRoot": ".skillset",
  "target": "workspace"
}
