{
  "buildMode": "updated",
  "features": {
    "promptArguments": true
  },
  "generatedBy": "skillset@0.1.0",
  "items": [
    {
      "fileModes": {
        "skillset-adrs/SKILL.md": "0644",
        "skillset-adrs/assets/adr-management.md": "0644",
        "skillset-adrs/scripts/__tests__/amendments.test.ts": "0644",
        "skillset-adrs/scripts/__tests__/promote-rewrite.test.ts": "0644",
        "skillset-adrs/scripts/adr.ts": "0644",
        "skillset-adrs/scripts/lib/amendments.ts": "0644",
        "skillset-adrs/scripts/lib/cli.ts": "0644",
        "skillset-adrs/scripts/lib/decision-map.ts": "0644",
        "skillset-adrs/scripts/lib/discovery.ts": "0644",
        "skillset-adrs/scripts/lib/frontmatter.ts": "0644",
        "skillset-adrs/scripts/lib/git.ts": "0644",
        "skillset-adrs/scripts/lib/index.ts": "0644",
        "skillset-adrs/scripts/lib/paths.ts": "0644",
        "skillset-adrs/scripts/lib/references.ts": "0644"
      },
      "files": [
        "skillset-adrs/SKILL.md",
        "skillset-adrs/assets/adr-management.md",
        "skillset-adrs/scripts/__tests__/amendments.test.ts",
        "skillset-adrs/scripts/__tests__/promote-rewrite.test.ts",
        "skillset-adrs/scripts/adr.ts",
        "skillset-adrs/scripts/lib/amendments.ts",
        "skillset-adrs/scripts/lib/cli.ts",
        "skillset-adrs/scripts/lib/decision-map.ts",
        "skillset-adrs/scripts/lib/discovery.ts",
        "skillset-adrs/scripts/lib/frontmatter.ts",
        "skillset-adrs/scripts/lib/git.ts",
        "skillset-adrs/scripts/lib/index.ts",
        "skillset-adrs/scripts/lib/paths.ts",
        "skillset-adrs/scripts/lib/references.ts"
      ],
      "kind": "standalone-skill",
      "name": "skillset-adrs",
      "outputHash": "sha256:a6c399f9e9fb221edcc5bd66d5f9ea1d6b6f820979a4ea431e0201e6e7e2f5fc",
      "outputPath": "skillset-adrs/SKILL.md",
      "sourceHash": "sha256:3ef13c4d2acaa0035139e3f84a4f90383188138cb38ab336940b3ae762728336",
      "sourcePath": ".skillset/skills/skillset-adrs/SKILL.md",
      "version": "0.1.0"
    },
    {
      "fileModes": {
        "skillset-dev-compiler/SKILL.md": "0644",
        "skillset-dev-compiler/references/package-map.md": "0644"
      },
      "files": [
        "skillset-dev-compiler/SKILL.md",
        "skillset-dev-compiler/references/package-map.md"
      ],
      "kind": "standalone-skill",
      "name": "skillset-dev-compiler",
      "outputHash": "sha256:05e646a09e26db81c7950acc24b807887a34aa061947fa4c9b758c55ae47580f",
      "outputPath": "skillset-dev-compiler/SKILL.md",
      "sourceHash": "sha256:1621f41f71cd358d095e83424d4a93dad1f6f16784eb5efdf7e73b742bc49a66",
      "sourcePath": ".skillset/skills/skillset-dev-compiler/SKILL.md",
      "version": "0.1.0"
    },
    {
      "fileModes": {
        "skillset-dev-schema/SKILL.md": "0644",
        "skillset-dev-schema/references/contract-workflow.md": "0644"
      },
      "files": [
        "skillset-dev-schema/SKILL.md",
        "skillset-dev-schema/references/contract-workflow.md"
      ],
      "kind": "standalone-skill",
      "name": "skillset-dev-schema",
      "outputHash": "sha256:d7a6b810e236b60f57c95363ec10fa8fd0f5768e643e8816b33afb0add1fabbb",
      "outputPath": "skillset-dev-schema/SKILL.md",
      "sourceHash": "sha256:f4a90650fa20ff3b26b6f3bd508d915ff99afed28dfdc0034d0313eb572fb313",
      "sourcePath": ".skillset/skills/skillset-dev-schema/SKILL.md",
      "version": "0.1.0"
    },
    {
      "fileModes": {
        "skillset-dev-testing/SKILL.md": "0644",
        "skillset-dev-testing/references/fixture-strategy.md": "0644"
      },
      "files": [
        "skillset-dev-testing/SKILL.md",
        "skillset-dev-testing/references/fixture-strategy.md"
      ],
      "kind": "standalone-skill",
      "name": "skillset-dev-testing",
      "outputHash": "sha256:9452cebc620b6162fefb04979fad18437545fd788a387a88334dcf46507a5e81",
      "outputPath": "skillset-dev-testing/SKILL.md",
      "sourceHash": "sha256:693b68f7d59b37c6d1af29c375bb20b284b47aa61e6815fe23e6641b4193fec6",
      "sourcePath": ".skillset/skills/skillset-dev-testing/SKILL.md",
      "version": "0.1.0"
    },
    {
      "fileModes": {
        "skillset-dev/SKILL.md": "0644"
      },
      "files": [
        "skillset-dev/SKILL.md"
      ],
      "kind": "standalone-skill",
      "name": "skillset-dev",
      "outputHash": "sha256:142a29f19cf7bcdb19dafd1fa53ef28bd15f2dd07dc108777f3a10fb584a187d",
      "outputPath": "skillset-dev/SKILL.md",
      "sourceHash": "sha256:86a678db8e6e529a044e8a682b3806259ecfa4c0e95a40bfdcdcdd6abb657550",
      "sourcePath": ".skillset/skills/skillset-dev/SKILL.md",
      "version": "0.1.0"
    }
  ],
  "outputRoot": ".cursor/skills",
  "renderResults": [
    {
      "destination": "skill",
      "evidence": [
        {
          "kind": "docs",
          "ref": "docs/reference/features/skills.md"
        },
        {
          "kind": "provider-snapshot",
          "note": "sha256:70eb2f6bac761f362c4895d71da72e9e5c047b9525f40214844e79122f569201",
          "ref": "cursor-skill",
          "verifiedAt": "2026-06-23"
        }
      ],
      "featureId": "standalone-skills",
      "outputs": [
        {
          "kind": "standalone-skill",
          "path": ".cursor/skills/skillset-adrs/SKILL.md"
        },
        {
          "kind": "standalone-skill",
          "path": ".cursor/skills/skillset-adrs/assets/adr-management.md"
        },
        {
          "kind": "standalone-skill",
          "path": ".cursor/skills/skillset-adrs/scripts/__tests__/amendments.test.ts"
        },
        {
          "kind": "standalone-skill",
          "path": ".cursor/skills/skillset-adrs/scripts/__tests__/promote-rewrite.test.ts"
        },
        {
          "kind": "standalone-skill",
          "path": ".cursor/skills/skillset-adrs/scripts/adr.ts"
        },
        {
          "kind": "standalone-skill",
          "path": ".cursor/skills/skillset-adrs/scripts/lib/amendments.ts"
        },
        {
          "kind": "standalone-skill",
          "path": ".cursor/skills/skillset-adrs/scripts/lib/cli.ts"
        },
        {
          "kind": "standalone-skill",
          "path": ".cursor/skills/skillset-adrs/scripts/lib/decision-map.ts"
        },
        {
          "kind": "standalone-skill",
          "path": ".cursor/skills/skillset-adrs/scripts/lib/discovery.ts"
        },
        {
          "kind": "standalone-skill",
          "path": ".cursor/skills/skillset-adrs/scripts/lib/frontmatter.ts"
        },
        {
          "kind": "standalone-skill",
          "path": ".cursor/skills/skillset-adrs/scripts/lib/git.ts"
        },
        {
          "kind": "standalone-skill",
          "path": ".cursor/skills/skillset-adrs/scripts/lib/index.ts"
        },
        {
          "kind": "standalone-skill",
          "path": ".cursor/skills/skillset-adrs/scripts/lib/paths.ts"
        },
        {
          "kind": "standalone-skill",
          "path": ".cursor/skills/skillset-adrs/scripts/lib/references.ts"
        }
      ],
      "schema": "skillset-render-result@1",
      "sourcePath": ".skillset/skills/skillset-adrs/SKILL.md",
      "sourceUnit": "skill:skillset-adrs",
      "status": "rendered",
      "target": "cursor"
    },
    {
      "destination": "skill",
      "evidence": [
        {
          "kind": "docs",
          "ref": "docs/reference/features/skills.md"
        },
        {
          "kind": "provider-snapshot",
          "note": "sha256:70eb2f6bac761f362c4895d71da72e9e5c047b9525f40214844e79122f569201",
          "ref": "cursor-skill",
          "verifiedAt": "2026-06-23"
        }
      ],
      "featureId": "standalone-skills",
      "outputs": [
        {
          "kind": "standalone-skill",
          "path": ".cursor/skills/skillset-dev/SKILL.md"
        }
      ],
      "schema": "skillset-render-result@1",
      "sourcePath": ".skillset/skills/skillset-dev/SKILL.md",
      "sourceUnit": "skill:skillset-dev",
      "status": "rendered",
      "target": "cursor"
    },
    {
      "destination": "skill",
      "evidence": [
        {
          "kind": "docs",
          "ref": "docs/reference/features/skills.md"
        },
        {
          "kind": "provider-snapshot",
          "note": "sha256:70eb2f6bac761f362c4895d71da72e9e5c047b9525f40214844e79122f569201",
          "ref": "cursor-skill",
          "verifiedAt": "2026-06-23"
        }
      ],
      "featureId": "standalone-skills",
      "outputs": [
        {
          "kind": "standalone-skill",
          "path": ".cursor/skills/skillset-dev-compiler/SKILL.md"
        },
        {
          "kind": "standalone-skill",
          "path": ".cursor/skills/skillset-dev-compiler/references/package-map.md"
        }
      ],
      "schema": "skillset-render-result@1",
      "sourcePath": ".skillset/skills/skillset-dev-compiler/SKILL.md",
      "sourceUnit": "skill:skillset-dev-compiler",
      "status": "rendered",
      "target": "cursor"
    },
    {
      "destination": "skill",
      "evidence": [
        {
          "kind": "docs",
          "ref": "docs/reference/features/skills.md"
        },
        {
          "kind": "provider-snapshot",
          "note": "sha256:70eb2f6bac761f362c4895d71da72e9e5c047b9525f40214844e79122f569201",
          "ref": "cursor-skill",
          "verifiedAt": "2026-06-23"
        }
      ],
      "featureId": "standalone-skills",
      "outputs": [
        {
          "kind": "standalone-skill",
          "path": ".cursor/skills/skillset-dev-schema/SKILL.md"
        },
        {
          "kind": "standalone-skill",
          "path": ".cursor/skills/skillset-dev-schema/references/contract-workflow.md"
        }
      ],
      "schema": "skillset-render-result@1",
      "sourcePath": ".skillset/skills/skillset-dev-schema/SKILL.md",
      "sourceUnit": "skill:skillset-dev-schema",
      "status": "rendered",
      "target": "cursor"
    },
    {
      "destination": "skill",
      "evidence": [
        {
          "kind": "docs",
          "ref": "docs/reference/features/skills.md"
        },
        {
          "kind": "provider-snapshot",
          "note": "sha256:70eb2f6bac761f362c4895d71da72e9e5c047b9525f40214844e79122f569201",
          "ref": "cursor-skill",
          "verifiedAt": "2026-06-23"
        }
      ],
      "featureId": "standalone-skills",
      "outputs": [
        {
          "kind": "standalone-skill",
          "path": ".cursor/skills/skillset-dev-testing/SKILL.md"
        },
        {
          "kind": "standalone-skill",
          "path": ".cursor/skills/skillset-dev-testing/references/fixture-strategy.md"
        }
      ],
      "schema": "skillset-render-result@1",
      "sourcePath": ".skillset/skills/skillset-dev-testing/SKILL.md",
      "sourceUnit": "skill:skillset-dev-testing",
      "status": "rendered",
      "target": "cursor"
    }
  ],
  "schemaVersion": 2,
  "selectedTargets": [
    "claude",
    "codex",
    "cursor"
  ],
  "skillsetMetadata": true,
  "sourceRoot": ".skillset",
  "target": "workspace"
}
