{
  "buildMode": "updated",
  "features": {
    "promptArguments": true
  },
  "generatedBy": "skillset@0.1.0",
  "items": [
    {
      "fileModes": {
        "skillset/claude/.claude-plugin/plugin.json": "0644",
        "skillset/claude/LICENSE.txt": "0644",
        "skillset/claude/README.md": "0644"
      },
      "files": [
        "skillset/claude/.claude-plugin/plugin.json",
        "skillset/claude/LICENSE.txt",
        "skillset/claude/README.md"
      ],
      "includedSkills": [
        "use-skillset@0.1.1"
      ],
      "kind": "plugin",
      "name": "skillset",
      "outputHash": "sha256:12fdbeaa401dc0dfa40c7c23241859866acab329d6c6c2b32a003c6b3ac92980",
      "outputPath": "skillset/claude/.claude-plugin/plugin.json",
      "renderInputsHash": "sha256:989e69e13561e51e0484e046235fd6cae925cd9525e09694982c958206192eed",
      "skippedSkills": [],
      "sourceHash": "sha256:ed4b3baf969ca577cf3b720a89750b5d049f31e38f44909613439567e689b31c",
      "sourcePath": ".skillset/plugins/skillset",
      "targetState": "sync",
      "version": "0.1.1"
    },
    {
      "fileModes": {
        "skillset/claude/skills/use-skillset/LICENSE.txt": "0644",
        "skillset/claude/skills/use-skillset/SKILL.md": "0644"
      },
      "files": [
        "skillset/claude/skills/use-skillset/LICENSE.txt",
        "skillset/claude/skills/use-skillset/SKILL.md"
      ],
      "kind": "plugin-skill",
      "name": "use-skillset",
      "outputHash": "sha256:7bd70c19b80cce153223bd214c1482d9ab270747a7177c36c286d2762eac9422",
      "outputPath": "skillset/claude/skills/use-skillset/SKILL.md",
      "plugin": "skillset",
      "sourceHash": "sha256:dfeec067f5495ec8a6febf562c4d237946a034870e911af8845345355b561c16",
      "sourcePath": ".skillset/plugins/skillset/skills/use-skillset/SKILL.md",
      "version": "0.1.1"
    },
    {
      "fileModes": {
        "skillset/codex/.codex-plugin/plugin.json": "0644",
        "skillset/codex/LICENSE.txt": "0644",
        "skillset/codex/README.md": "0644"
      },
      "files": [
        "skillset/codex/.codex-plugin/plugin.json",
        "skillset/codex/LICENSE.txt",
        "skillset/codex/README.md"
      ],
      "includedSkills": [
        "use-skillset@0.1.1"
      ],
      "kind": "plugin",
      "name": "skillset",
      "outputHash": "sha256:4ff159eda3950cfda60468cfb4c98e7c28d4508e5e1ff59a99f542de13899626",
      "outputPath": "skillset/codex/.codex-plugin/plugin.json",
      "renderInputsHash": "sha256:989e69e13561e51e0484e046235fd6cae925cd9525e09694982c958206192eed",
      "skippedSkills": [],
      "sourceHash": "sha256:a0b9a3a99d83985f3ef7a3f4ab89efa4c7d48838c9101cc01b09db23a7364a43",
      "sourcePath": ".skillset/plugins/skillset",
      "targetState": "sync",
      "version": "0.1.1"
    },
    {
      "fileModes": {
        "skillset/codex/skills/use-skillset/LICENSE.txt": "0644",
        "skillset/codex/skills/use-skillset/SKILL.md": "0644"
      },
      "files": [
        "skillset/codex/skills/use-skillset/LICENSE.txt",
        "skillset/codex/skills/use-skillset/SKILL.md"
      ],
      "kind": "plugin-skill",
      "name": "use-skillset",
      "outputHash": "sha256:528dd4b503603b123b45726aa60a48764f50735cbf7e97bda9e6ca24da64e216",
      "outputPath": "skillset/codex/skills/use-skillset/SKILL.md",
      "plugin": "skillset",
      "sourceHash": "sha256:dfeec067f5495ec8a6febf562c4d237946a034870e911af8845345355b561c16",
      "sourcePath": ".skillset/plugins/skillset/skills/use-skillset/SKILL.md",
      "version": "0.1.1"
    },
    {
      "fileModes": {
        "skillset/cursor/.cursor-plugin/plugin.json": "0644",
        "skillset/cursor/LICENSE.txt": "0644",
        "skillset/cursor/README.md": "0644"
      },
      "files": [
        "skillset/cursor/.cursor-plugin/plugin.json",
        "skillset/cursor/LICENSE.txt",
        "skillset/cursor/README.md"
      ],
      "includedSkills": [
        "use-skillset@0.1.1"
      ],
      "kind": "plugin",
      "name": "skillset",
      "outputHash": "sha256:2089a38e6195b4a2cf6dbdbab3097209f7821fb3f88ce24453df6cfb23d80b6a",
      "outputPath": "skillset/cursor/.cursor-plugin/plugin.json",
      "renderInputsHash": "sha256:989e69e13561e51e0484e046235fd6cae925cd9525e09694982c958206192eed",
      "skippedSkills": [],
      "sourceHash": "sha256:5e2d62fa2187ab4d4f46fab35ad5ca4ed988c65f5e606e0bf57d907ed6d6f235",
      "sourcePath": ".skillset/plugins/skillset",
      "targetState": "sync",
      "version": "0.1.1"
    },
    {
      "fileModes": {
        "skillset/cursor/skills/use-skillset/LICENSE.txt": "0644",
        "skillset/cursor/skills/use-skillset/SKILL.md": "0644"
      },
      "files": [
        "skillset/cursor/skills/use-skillset/LICENSE.txt",
        "skillset/cursor/skills/use-skillset/SKILL.md"
      ],
      "kind": "plugin-skill",
      "name": "use-skillset",
      "outputHash": "sha256:7ec152b8660b70aa99e8b8e80d3a512bd5564831c87acda8e5f4df31f8b9e630",
      "outputPath": "skillset/cursor/skills/use-skillset/SKILL.md",
      "plugin": "skillset",
      "sourceHash": "sha256:dfeec067f5495ec8a6febf562c4d237946a034870e911af8845345355b561c16",
      "sourcePath": ".skillset/plugins/skillset/skills/use-skillset/SKILL.md",
      "version": "0.1.1"
    }
  ],
  "outputRoot": "plugins",
  "provenanceHash": "sha256:aaef55fe241f6287aa792eaed6554486315db20158373cec8111f7343ed2c8c5",
  "renderResults": [
    {
      "destination": "plugin-manifest",
      "evidence": [
        {
          "kind": "docs",
          "ref": "docs/reference/features/plugins.md"
        },
        {
          "kind": "provider-schema",
          "note": "sha256:2a83eaad328540a7850c59cb422d82008e98391d47a1bba386f285c8c6679b14",
          "ref": "claude-plugin-manifest-schema",
          "verifiedAt": "2026-06-23"
        },
        {
          "kind": "provider-snapshot",
          "note": "sha256:c81a4328f9e1cba88b3496ae42181d03692186cefda4abd5d07428e15e835ae4",
          "ref": "claude-plugin",
          "verifiedAt": "2026-06-23"
        }
      ],
      "featureId": "plugin-manifests",
      "outputs": [
        {
          "kind": "plugin",
          "path": "plugins/skillset/claude/.claude-plugin/plugin.json"
        },
        {
          "kind": "plugin",
          "path": "plugins/skillset/claude/LICENSE.txt"
        }
      ],
      "schema": "skillset-render-result@1",
      "sourcePath": ".skillset/plugins/skillset",
      "sourceUnit": "plugin.skillset.config:root",
      "status": "rendered",
      "target": "claude"
    },
    {
      "destination": "plugin-manifest",
      "evidence": [
        {
          "kind": "docs",
          "ref": "docs/reference/features/plugins.md"
        },
        {
          "kind": "provider-overlay",
          "note": "Codex 0.147.0 has no adopted JSON Schema source for plugin manifests; runtime-loader behavior and the separate, stricter plugin-creator handoff preflight are recorded as distinct primary sources for this manual overlay.",
          "ref": "codex-plugin-manifest-overlay"
        },
        {
          "kind": "provider-snapshot",
          "note": "sha256:a3f71fd04caea6157453b0cec7a6e6ff1e3ec51ac88a0c96409b9cee8737370b",
          "ref": "codex-plugin",
          "verifiedAt": "2026-08-14"
        }
      ],
      "featureId": "plugin-manifests",
      "outputs": [
        {
          "kind": "plugin",
          "path": "plugins/skillset/codex/.codex-plugin/plugin.json"
        },
        {
          "kind": "plugin",
          "path": "plugins/skillset/codex/LICENSE.txt"
        }
      ],
      "schema": "skillset-render-result@1",
      "sourcePath": ".skillset/plugins/skillset",
      "sourceUnit": "plugin.skillset.config:root",
      "status": "rendered",
      "target": "codex"
    },
    {
      "destination": "plugin-manifest",
      "diagnostics": [
        {
          "code": "render/cursor-listing-category-omitted",
          "message": "Cursor plugin output has no verified runtime destination for canonical listing.category; omitted canonical field: listing.category; still rendered by enabled target: Codex interface.category",
          "path": ".skillset/plugins/skillset: $.skillset.listing.category"
        }
      ],
      "evidence": [
        {
          "kind": "docs",
          "ref": "docs/reference/features/plugins.md"
        },
        {
          "kind": "provider-schema",
          "note": "sha256:f0b6bf41741bdb523ee0571b42e577deea9eba178691b2843a4b1dafe8947396",
          "ref": "cursor-plugin-schema",
          "verifiedAt": "2026-08-14"
        },
        {
          "kind": "provider-snapshot",
          "note": "sha256:3e1929d4816292e8d1901324d31b4e5cd57857f73217a9951503901e602cfb5b",
          "ref": "cursor-plugin",
          "verifiedAt": "2026-08-14"
        }
      ],
      "featureId": "plugin-manifests",
      "outputs": [
        {
          "kind": "plugin",
          "path": "plugins/skillset/cursor/.cursor-plugin/plugin.json"
        },
        {
          "kind": "plugin",
          "path": "plugins/skillset/cursor/LICENSE.txt"
        }
      ],
      "reason": "Cursor plugin output has no verified runtime destination for canonical listing.category; omitted canonical field: listing.category; still rendered by enabled target: Codex interface.category",
      "schema": "skillset-render-result@1",
      "sourcePath": ".skillset/plugins/skillset",
      "sourceUnit": "plugin.skillset.config:root",
      "status": "degraded",
      "target": "cursor"
    },
    {
      "destination": "readme",
      "evidence": [
        {
          "kind": "docs",
          "ref": "docs/reference/features/plugins.md"
        }
      ],
      "featureId": "plugin-readme",
      "outputs": [
        {
          "kind": "companion",
          "path": "plugins/skillset/claude/README.md"
        }
      ],
      "schema": "skillset-render-result@1",
      "sourcePath": ".skillset/plugins/skillset/README.md",
      "sourceUnit": "plugin.skillset.feature:readme",
      "status": "target_native",
      "target": "claude"
    },
    {
      "destination": "readme",
      "evidence": [
        {
          "kind": "docs",
          "ref": "docs/reference/features/plugins.md"
        }
      ],
      "featureId": "plugin-readme",
      "outputs": [
        {
          "kind": "companion",
          "path": "plugins/skillset/codex/README.md"
        }
      ],
      "schema": "skillset-render-result@1",
      "sourcePath": ".skillset/plugins/skillset/README.md",
      "sourceUnit": "plugin.skillset.feature:readme",
      "status": "target_native",
      "target": "codex"
    },
    {
      "destination": "readme",
      "evidence": [
        {
          "kind": "docs",
          "ref": "docs/adrs/0002-cursor-is-a-first-class-provider.md"
        },
        {
          "kind": "docs",
          "ref": "docs/reference/providers/cursor.md"
        }
      ],
      "featureId": "plugin-readme",
      "outputs": [
        {
          "kind": "companion",
          "path": "plugins/skillset/cursor/README.md"
        }
      ],
      "schema": "skillset-render-result@1",
      "sourcePath": ".skillset/plugins/skillset/README.md",
      "sourceUnit": "plugin.skillset.feature:readme",
      "status": "target_native",
      "target": "cursor"
    },
    {
      "destination": "skill",
      "evidence": [
        {
          "kind": "docs",
          "ref": "docs/reference/features/skills.md"
        },
        {
          "kind": "provider-overlay",
          "note": "Claude skill structure is currently documented in prose; no adopted JSON Schema source is available.",
          "ref": "claude-skill-frontmatter-overlay"
        },
        {
          "kind": "provider-snapshot",
          "note": "sha256:a67aece088a7d8b3baa57791ab66796f2479b207ddb1d01296fed73f99bae4bc",
          "ref": "claude-skill",
          "verifiedAt": "2026-06-23"
        }
      ],
      "featureId": "plugin-skills",
      "outputs": [
        {
          "kind": "plugin-skill",
          "path": "plugins/skillset/claude/skills/use-skillset/LICENSE.txt"
        },
        {
          "kind": "plugin-skill",
          "path": "plugins/skillset/claude/skills/use-skillset/SKILL.md"
        }
      ],
      "schema": "skillset-render-result@1",
      "sourcePath": ".skillset/plugins/skillset/skills/use-skillset/SKILL.md",
      "sourceUnit": "plugin.skillset.skill:use-skillset",
      "status": "rendered",
      "target": "claude"
    },
    {
      "destination": "skill",
      "evidence": [
        {
          "kind": "docs",
          "ref": "docs/reference/features/skills.md"
        },
        {
          "kind": "provider-schema",
          "note": "sha256:eebe9ca02eec5263cd23ff3945b3d3301e0b57861af2d53c76bd620b83ae355b",
          "ref": "codex-skill-metadata-schema",
          "verifiedAt": "2026-06-23"
        },
        {
          "kind": "provider-snapshot",
          "note": "sha256:7e36cc613d0443fcae2963e276a7994d2b321b04471ae2a8941e290ed2654050",
          "ref": "codex-skill",
          "verifiedAt": "2026-06-23"
        }
      ],
      "featureId": "plugin-skills",
      "outputs": [
        {
          "kind": "plugin-skill",
          "path": "plugins/skillset/codex/skills/use-skillset/LICENSE.txt"
        },
        {
          "kind": "plugin-skill",
          "path": "plugins/skillset/codex/skills/use-skillset/SKILL.md"
        }
      ],
      "schema": "skillset-render-result@1",
      "sourcePath": ".skillset/plugins/skillset/skills/use-skillset/SKILL.md",
      "sourceUnit": "plugin.skillset.skill:use-skillset",
      "status": "rendered",
      "target": "codex"
    },
    {
      "destination": "skill",
      "evidence": [
        {
          "kind": "docs",
          "ref": "docs/reference/features/skills.md"
        },
        {
          "kind": "provider-snapshot",
          "note": "sha256:70eb2f6bac761f362c4895d71da72e9e5c047b9525f40214844e79122f569201",
          "ref": "cursor-skill",
          "verifiedAt": "2026-06-23"
        }
      ],
      "featureId": "plugin-skills",
      "outputs": [
        {
          "kind": "plugin-skill",
          "path": "plugins/skillset/cursor/skills/use-skillset/LICENSE.txt"
        },
        {
          "kind": "plugin-skill",
          "path": "plugins/skillset/cursor/skills/use-skillset/SKILL.md"
        }
      ],
      "schema": "skillset-render-result@1",
      "sourcePath": ".skillset/plugins/skillset/skills/use-skillset/SKILL.md",
      "sourceUnit": "plugin.skillset.skill:use-skillset",
      "status": "rendered",
      "target": "cursor"
    }
  ],
  "schemaVersion": 2,
  "selectedTargets": [
    "claude",
    "codex",
    "cursor"
  ],
  "skillsetMetadata": true,
  "sourceRoot": ".skillset",
  "target": "workspace"
}
