{
  "buildMode": "updated",
  "features": {
    "promptArguments": true
  },
  "generatedBy": "skillset@0.1.0",
  "items": [
    {
      "files": [
        "skillset/claude/.claude-plugin/plugin.json",
        "skillset/claude/LICENSE.txt"
      ],
      "includedSkills": [
        "use-skillset@0.1.1"
      ],
      "kind": "plugin",
      "name": "skillset",
      "outputHash": "sha256:3b20c9eeba2bed9a46fcc4c3fc0a801dd247d694722f6c699ba50ab077cd7c33",
      "outputPath": "skillset/claude/.claude-plugin/plugin.json",
      "skippedSkills": [],
      "sourceHash": "sha256:ecca045fecd7e6c8aafd83a04bf1d16ef39cacb2c4ce3dffe30be4968d098f9b",
      "sourcePath": ".skillset/plugins/skillset",
      "targetState": "sync",
      "version": "0.1.1"
    },
    {
      "files": [
        "skillset/claude/skills/use-skillset/LICENSE.txt",
        "skillset/claude/skills/use-skillset/SKILL.md"
      ],
      "kind": "plugin-skill",
      "name": "use-skillset",
      "outputHash": "sha256:46386c654b6c4f005b31a897749c105598b68e7cdf6212bddb4528650797f178",
      "outputPath": "skillset/claude/skills/use-skillset/SKILL.md",
      "plugin": "skillset",
      "sourceHash": "sha256:80c45a10997a81e3dd2a644a1b9a1f5f0ed7dea2b9c7ac24a798a7ddbe9bc155",
      "sourcePath": ".skillset/plugins/skillset/skills/use-skillset/SKILL.md",
      "version": "0.1.1"
    },
    {
      "files": [
        "skillset/codex/.codex-plugin/plugin.json",
        "skillset/codex/LICENSE.txt"
      ],
      "includedSkills": [
        "use-skillset@0.1.1"
      ],
      "kind": "plugin",
      "name": "skillset",
      "outputHash": "sha256:44a0da27dabf4d817c35d7ad6a16597c3f062f49f6585491635838495e54eb00",
      "outputPath": "skillset/codex/.codex-plugin/plugin.json",
      "skippedSkills": [],
      "sourceHash": "sha256:a709e6910030e62b2b580b69cb1904318e3628aa45a180bc0071760617ce1b6b",
      "sourcePath": ".skillset/plugins/skillset",
      "targetState": "sync",
      "version": "0.1.1"
    },
    {
      "files": [
        "skillset/codex/skills/use-skillset/LICENSE.txt",
        "skillset/codex/skills/use-skillset/SKILL.md"
      ],
      "kind": "plugin-skill",
      "name": "use-skillset",
      "outputHash": "sha256:64b39479616af36fe4b7f6227af727f8f2ab780d3d58ccc428cb236b08d2afbb",
      "outputPath": "skillset/codex/skills/use-skillset/SKILL.md",
      "plugin": "skillset",
      "sourceHash": "sha256:80c45a10997a81e3dd2a644a1b9a1f5f0ed7dea2b9c7ac24a798a7ddbe9bc155",
      "sourcePath": ".skillset/plugins/skillset/skills/use-skillset/SKILL.md",
      "version": "0.1.1"
    },
    {
      "files": [
        "skillset/cursor/.cursor-plugin/plugin.json",
        "skillset/cursor/LICENSE.txt"
      ],
      "includedSkills": [
        "use-skillset@0.1.1"
      ],
      "kind": "plugin",
      "name": "skillset",
      "outputHash": "sha256:bf27cd1054e75946343e013727d4a2e9f3c9b1b88be88665ec468a13f5c800be",
      "outputPath": "skillset/cursor/.cursor-plugin/plugin.json",
      "skippedSkills": [],
      "sourceHash": "sha256:e0806c4d1011324352f2d348da64d51f8b26baec8706cae12d73d0e869092ad9",
      "sourcePath": ".skillset/plugins/skillset",
      "targetState": "sync",
      "version": "0.1.1"
    },
    {
      "files": [
        "skillset/cursor/skills/use-skillset/LICENSE.txt",
        "skillset/cursor/skills/use-skillset/SKILL.md"
      ],
      "kind": "plugin-skill",
      "name": "use-skillset",
      "outputHash": "sha256:431e190cc4d5f22f19fd013849f7cfd019449df24fc5d73c94cbc2436fa5dda3",
      "outputPath": "skillset/cursor/skills/use-skillset/SKILL.md",
      "plugin": "skillset",
      "sourceHash": "sha256:80c45a10997a81e3dd2a644a1b9a1f5f0ed7dea2b9c7ac24a798a7ddbe9bc155",
      "sourcePath": ".skillset/plugins/skillset/skills/use-skillset/SKILL.md",
      "version": "0.1.1"
    }
  ],
  "outputRoot": "plugins",
  "renderResults": [
    {
      "destination": "plugin-manifest",
      "evidence": [
        {
          "kind": "docs",
          "ref": "docs/features/plugins.md"
        },
        {
          "kind": "provider-schema",
          "note": "sha256:2a83eaad328540a7850c59cb422d82008e98391d47a1bba386f285c8c6679b14",
          "ref": "claude-plugin-manifest-schema",
          "verifiedAt": "2026-06-23"
        },
        {
          "kind": "provider-snapshot",
          "note": "sha256:c81a4328f9e1cba88b3496ae42181d03692186cefda4abd5d07428e15e835ae4",
          "ref": "claude-plugin",
          "verifiedAt": "2026-06-23"
        }
      ],
      "featureId": "plugin-manifests",
      "outputs": [
        {
          "kind": "plugin",
          "path": "plugins/skillset/claude/.claude-plugin/plugin.json"
        },
        {
          "kind": "plugin",
          "path": "plugins/skillset/claude/LICENSE.txt"
        }
      ],
      "schema": "skillset-render-result@1",
      "sourcePath": ".skillset/plugins/skillset",
      "sourceUnit": "plugin.skillset.config:root",
      "status": "rendered",
      "target": "claude"
    },
    {
      "destination": "plugin-manifest",
      "evidence": [
        {
          "kind": "docs",
          "ref": "docs/features/plugins.md"
        },
        {
          "kind": "provider-overlay",
          "note": "Codex plugin manifest structure is currently documented in prose; no adopted JSON Schema source is available.",
          "ref": "codex-plugin-manifest-overlay"
        },
        {
          "kind": "provider-snapshot",
          "note": "sha256:ea1a87e3450a9c3959adfb9e1165fede2d9eca9fa9663d8e97f15d2a48ca3ae0",
          "ref": "codex-plugin",
          "verifiedAt": "2026-06-23"
        }
      ],
      "featureId": "plugin-manifests",
      "outputs": [
        {
          "kind": "plugin",
          "path": "plugins/skillset/codex/.codex-plugin/plugin.json"
        },
        {
          "kind": "plugin",
          "path": "plugins/skillset/codex/LICENSE.txt"
        }
      ],
      "schema": "skillset-render-result@1",
      "sourcePath": ".skillset/plugins/skillset",
      "sourceUnit": "plugin.skillset.config:root",
      "status": "rendered",
      "target": "codex"
    },
    {
      "destination": "plugin-manifest",
      "evidence": [
        {
          "kind": "docs",
          "ref": "docs/features/plugins.md"
        },
        {
          "kind": "provider-snapshot",
          "note": "sha256:1d87b97a074afb49078bda9fa1e399a653229001c134b8fe0a5a2937ccbde5f9",
          "ref": "cursor-plugin",
          "verifiedAt": "2026-06-23"
        }
      ],
      "featureId": "plugin-manifests",
      "outputs": [
        {
          "kind": "plugin",
          "path": "plugins/skillset/cursor/.cursor-plugin/plugin.json"
        },
        {
          "kind": "plugin",
          "path": "plugins/skillset/cursor/LICENSE.txt"
        }
      ],
      "schema": "skillset-render-result@1",
      "sourcePath": ".skillset/plugins/skillset",
      "sourceUnit": "plugin.skillset.config:root",
      "status": "rendered",
      "target": "cursor"
    },
    {
      "destination": "skill",
      "evidence": [
        {
          "kind": "docs",
          "ref": "docs/features/skills.md"
        },
        {
          "kind": "provider-overlay",
          "note": "Claude skill structure is currently documented in prose; no adopted JSON Schema source is available.",
          "ref": "claude-skill-frontmatter-overlay"
        },
        {
          "kind": "provider-snapshot",
          "note": "sha256:a67aece088a7d8b3baa57791ab66796f2479b207ddb1d01296fed73f99bae4bc",
          "ref": "claude-skill",
          "verifiedAt": "2026-06-23"
        }
      ],
      "featureId": "plugin-skills",
      "outputs": [
        {
          "kind": "plugin-skill",
          "path": "plugins/skillset/claude/skills/use-skillset/LICENSE.txt"
        },
        {
          "kind": "plugin-skill",
          "path": "plugins/skillset/claude/skills/use-skillset/SKILL.md"
        }
      ],
      "schema": "skillset-render-result@1",
      "sourcePath": ".skillset/plugins/skillset/skills/use-skillset/SKILL.md",
      "sourceUnit": "plugin.skillset.skill:use-skillset",
      "status": "rendered",
      "target": "claude"
    },
    {
      "destination": "skill",
      "evidence": [
        {
          "kind": "docs",
          "ref": "docs/features/skills.md"
        },
        {
          "kind": "provider-schema",
          "note": "sha256:eebe9ca02eec5263cd23ff3945b3d3301e0b57861af2d53c76bd620b83ae355b",
          "ref": "codex-skill-metadata-schema",
          "verifiedAt": "2026-06-23"
        },
        {
          "kind": "provider-snapshot",
          "note": "sha256:7e36cc613d0443fcae2963e276a7994d2b321b04471ae2a8941e290ed2654050",
          "ref": "codex-skill",
          "verifiedAt": "2026-06-23"
        }
      ],
      "featureId": "plugin-skills",
      "outputs": [
        {
          "kind": "plugin-skill",
          "path": "plugins/skillset/codex/skills/use-skillset/LICENSE.txt"
        },
        {
          "kind": "plugin-skill",
          "path": "plugins/skillset/codex/skills/use-skillset/SKILL.md"
        }
      ],
      "schema": "skillset-render-result@1",
      "sourcePath": ".skillset/plugins/skillset/skills/use-skillset/SKILL.md",
      "sourceUnit": "plugin.skillset.skill:use-skillset",
      "status": "rendered",
      "target": "codex"
    },
    {
      "destination": "skill",
      "evidence": [
        {
          "kind": "docs",
          "ref": "docs/features/skills.md"
        },
        {
          "kind": "provider-snapshot",
          "note": "sha256:70eb2f6bac761f362c4895d71da72e9e5c047b9525f40214844e79122f569201",
          "ref": "cursor-skill",
          "verifiedAt": "2026-06-23"
        }
      ],
      "featureId": "plugin-skills",
      "outputs": [
        {
          "kind": "plugin-skill",
          "path": "plugins/skillset/cursor/skills/use-skillset/LICENSE.txt"
        },
        {
          "kind": "plugin-skill",
          "path": "plugins/skillset/cursor/skills/use-skillset/SKILL.md"
        }
      ],
      "schema": "skillset-render-result@1",
      "sourcePath": ".skillset/plugins/skillset/skills/use-skillset/SKILL.md",
      "sourceUnit": "plugin.skillset.skill:use-skillset",
      "status": "rendered",
      "target": "cursor"
    }
  ],
  "schemaVersion": 1,
  "selectedTargets": [
    "claude",
    "codex",
    "cursor"
  ],
  "skillsetMetadata": true,
  "sourceRoot": ".skillset",
  "target": "workspace"
}
