{
  "buildMode": "updated",
  "features": {
    "promptArguments": true
  },
  "generatedBy": "skillset@0.1.0",
  "items": [
    {
      "fileModes": {
        "team-guidance.md": "0644"
      },
      "files": [
        "team-guidance.md"
      ],
      "kind": "rule",
      "name": "team-guidance",
      "outputHash": "sha256:4da54604a6fcfa28044619261ecc87aa11251def772e62060495b6ac13c565dc",
      "outputPath": "team-guidance.md",
      "sourceHash": "sha256:799395d3e21c9c0360d17cb9b0d5432a7d11e0d3164f9648e8c03b146ad51df0",
      "sourcePath": ".skillset/rules/team-guidance.md",
      "version": "0.1.0"
    }
  ],
  "outputRoot": ".claude/rules",
  "provenanceHash": "sha256:6e469b0c88424c84eb8fb0501e323f166d52b2519e41f310f859833be69091e5",
  "renderResults": [
    {
      "destination": "instruction",
      "evidence": [
        {
          "kind": "docs",
          "ref": "docs/reference/features/instructions.md"
        }
      ],
      "featureId": "project-instructions",
      "outputs": [
        {
          "kind": "rule",
          "path": ".claude/rules/team-guidance.md"
        }
      ],
      "schema": "skillset-render-result@1",
      "sourcePath": ".skillset/rules/team-guidance.md",
      "sourceUnit": "instruction:team-guidance",
      "status": "transformed",
      "target": "claude"
    }
  ],
  "schemaVersion": 2,
  "selectedTargets": [
    "claude",
    "codex"
  ],
  "skillsetMetadata": true,
  "sourceRoot": ".skillset",
  "target": "claude"
}
