{
  "buildMode": "updated",
  "features": {
    "promptArguments": true
  },
  "generatedBy": "skillset@0.1.0",
  "items": [
    {
      "fileModes": {
        "AGENTS.md": "0644"
      },
      "files": [
        "AGENTS.md"
      ],
      "kind": "rule",
      "name": "AGENTS.md",
      "outputHash": "sha256:17164764efd397cf4debd20c34bf60f31ca278bdc757c107b06d7653dd27ac2a",
      "outputPath": "AGENTS.md",
      "sourceHash": "sha256:799395d3e21c9c0360d17cb9b0d5432a7d11e0d3164f9648e8c03b146ad51df0",
      "sourcePath": ".skillset/rules",
      "version": "0.1.0"
    }
  ],
  "outputRoot": ".",
  "renderResults": [
    {
      "destination": "instruction",
      "evidence": [
        {
          "kind": "docs",
          "ref": "docs/reference/features/instructions.md"
        },
        {
          "kind": "provider-overlay",
          "note": "Codex AGENTS.md discovery and merge behavior is currently documented in prose; no adopted JSON Schema source is available.",
          "ref": "codex-agents-md-overlay"
        },
        {
          "kind": "provider-snapshot",
          "note": "sha256:3f6a53f45530261b0b2fafa705b1b01b8cc2b7c817eae3263226f2fd89fbae17",
          "ref": "codex-agents-md",
          "verifiedAt": "2026-06-23"
        }
      ],
      "featureId": "project-instructions",
      "outputs": [
        {
          "kind": "rule",
          "path": "AGENTS.md"
        }
      ],
      "schema": "skillset-render-result@1",
      "sourcePath": ".skillset/rules",
      "sourceUnit": "instruction:AGENTS.md",
      "status": "transformed",
      "target": "codex"
    }
  ],
  "schemaVersion": 2,
  "selectedTargets": [
    "claude",
    "codex"
  ],
  "skillsetMetadata": true,
  "sourceRoot": ".skillset",
  "target": "workspace"
}
