{
  "generatedBy": "skillset@0.1.0",
  "items": [
    {
      "files": [
        "skillset-claude-development/SKILL.md"
      ],
      "kind": "standalone-skill",
      "name": "skillset-claude-development",
      "outputHash": "sha256:76e1fc695c102501b7f53af22c31919bbb617888ef59d49e1998a240042fe840",
      "outputPath": "skillset-claude-development/SKILL.md",
      "sourceHash": "sha256:17ea0fb39f5b3161bfc1fe177d502838aa6c8031b9200e53ef56b92cb6336843",
      "sourcePath": ".skillset/skills/skillset-claude-development/SKILL.md",
      "version": "0.1.0"
    }
  ],
  "outputRoot": ".claude/skills",
  "schemaVersion": 1,
  "sourceRoot": ".skillset",
  "target": "claude"
}
