{
  "generatedBy": "skillset@0.1.0",
  "items": [
    {
      "files": [
        "skillset-claude-development/SKILL.md"
      ],
      "kind": "standalone-skill",
      "name": "skillset-claude-development",
      "outputHash": "sha256:0746d48adb2f528ba4408cc1d2cea3bbc79228765b3544831c85163a6b75d3bf",
      "outputPath": "skillset-claude-development/SKILL.md",
      "sourceHash": "sha256:0bc0807962b189299be225304c4fc90a1d05a924c787539437f31b5fecc2e7ad",
      "sourcePath": ".skillset/skills/skillset-claude-development/SKILL.md",
      "version": "0.1.0"
    }
  ],
  "outputRoot": ".claude/skills",
  "schemaVersion": 1,
  "sourceRoot": ".skillset",
  "target": "claude"
}
