{
  "generatedBy": "skillset@0.1.0",
  "items": [
    {
      "files": [
        "skillset-claude-development/SKILL.md"
      ],
      "kind": "standalone-skill",
      "name": "skillset-claude-development",
      "outputHash": "sha256:c0b8948d1947e0fe6b10ab55e88976158f4e4eaa394c5404850551a873b1c272",
      "outputPath": "skillset-claude-development/SKILL.md",
      "sourceHash": "sha256:c90761e4d1dd62d237f68c907ae68758a5fc4690c38e9cbf719e85da1eae80b0",
      "sourcePath": ".skillset/skills/skillset-claude-development/SKILL.md",
      "version": "0.1.0"
    }
  ],
  "outputRoot": ".claude/skills",
  "schemaVersion": 1,
  "sourceRoot": ".skillset",
  "target": "claude"
}
