{
  "buildMode": "updated",
  "features": {
    "promptArguments": true
  },
  "generatedBy": "skillset@0.1.0",
  "items": [
    {
      "files": [
        "skillset-adrs/SKILL.md",
        "skillset-adrs/assets/adr-management.md",
        "skillset-adrs/scripts/__tests__/promote-rewrite.test.ts",
        "skillset-adrs/scripts/adr.ts",
        "skillset-adrs/scripts/lib/cli.ts",
        "skillset-adrs/scripts/lib/decision-map.ts",
        "skillset-adrs/scripts/lib/discovery.ts",
        "skillset-adrs/scripts/lib/frontmatter.ts",
        "skillset-adrs/scripts/lib/git.ts",
        "skillset-adrs/scripts/lib/index.ts",
        "skillset-adrs/scripts/lib/paths.ts",
        "skillset-adrs/scripts/lib/references.ts"
      ],
      "kind": "standalone-skill",
      "name": "skillset-adrs",
      "outputHash": "sha256:01cc40a906ca67acf3c3bda6384b3840b3b908c3ec04a8535c0839392101ab92",
      "outputPath": "skillset-adrs/SKILL.md",
      "sourceHash": "sha256:fa280cc5fbf41d263bb22b8431cdaf77378cdc2ea77a6b0b610618999152aacd",
      "sourcePath": "skillset/skills/skillset-adrs/SKILL.md",
      "version": "0.1.0"
    },
    {
      "files": [
        "skillset-claude-development/SKILL.md"
      ],
      "kind": "standalone-skill",
      "name": "skillset-claude-development",
      "outputHash": "sha256:1655e0c8a8eaed3688a3f34473e58dec59ae20e3a498a8d78de6d78f3c47bea2",
      "outputPath": "skillset-claude-development/SKILL.md",
      "sourceHash": "sha256:510069054bbfb6c106ac895b53b0188e67875ed282009e7cad54e869b81b8af7",
      "sourcePath": "skillset/skills/skillset-claude-development/SKILL.md",
      "version": "0.1.0"
    },
    {
      "files": [
        "skillset-repo-test-fixtures/SKILL.md"
      ],
      "kind": "standalone-skill",
      "name": "skillset-repo-test-fixtures",
      "outputHash": "sha256:bf6500c975ea03db1a5ecb7bdac1c4ded7e1f7a5b0d4f22c2abc9d452322c637",
      "outputPath": "skillset-repo-test-fixtures/SKILL.md",
      "sourceHash": "sha256:b4708e074d2e0eafe45013297b67143356de6088a8cf7dddc6d877b27963a574",
      "sourcePath": "skillset/skills/skillset-repo-test-fixtures/SKILL.md",
      "version": "0.1.2"
    }
  ],
  "outputRoot": ".claude/skills",
  "renderResults": [
    {
      "destination": "skill",
      "evidence": [
        {
          "kind": "test",
          "note": "standalone skill rendering coverage",
          "ref": "apps/skillset/src/__tests__/skillset.test.ts"
        }
      ],
      "featureId": "standalone-skills",
      "outputs": [
        {
          "kind": "standalone-skill",
          "path": ".claude/skills/skillset-adrs/SKILL.md"
        },
        {
          "kind": "standalone-skill",
          "path": ".claude/skills/skillset-adrs/assets/adr-management.md"
        },
        {
          "kind": "standalone-skill",
          "path": ".claude/skills/skillset-adrs/scripts/__tests__/promote-rewrite.test.ts"
        },
        {
          "kind": "standalone-skill",
          "path": ".claude/skills/skillset-adrs/scripts/adr.ts"
        },
        {
          "kind": "standalone-skill",
          "path": ".claude/skills/skillset-adrs/scripts/lib/cli.ts"
        },
        {
          "kind": "standalone-skill",
          "path": ".claude/skills/skillset-adrs/scripts/lib/decision-map.ts"
        },
        {
          "kind": "standalone-skill",
          "path": ".claude/skills/skillset-adrs/scripts/lib/discovery.ts"
        },
        {
          "kind": "standalone-skill",
          "path": ".claude/skills/skillset-adrs/scripts/lib/frontmatter.ts"
        },
        {
          "kind": "standalone-skill",
          "path": ".claude/skills/skillset-adrs/scripts/lib/git.ts"
        },
        {
          "kind": "standalone-skill",
          "path": ".claude/skills/skillset-adrs/scripts/lib/index.ts"
        },
        {
          "kind": "standalone-skill",
          "path": ".claude/skills/skillset-adrs/scripts/lib/paths.ts"
        },
        {
          "kind": "standalone-skill",
          "path": ".claude/skills/skillset-adrs/scripts/lib/references.ts"
        }
      ],
      "schema": "skillset-render-result@1",
      "sourcePath": "skillset/skills/skillset-adrs/SKILL.md",
      "sourceUnit": "skill:skillset-adrs",
      "status": "rendered",
      "target": "claude"
    },
    {
      "destination": "skill",
      "evidence": [
        {
          "kind": "test",
          "note": "standalone skill rendering coverage",
          "ref": "apps/skillset/src/__tests__/skillset.test.ts"
        }
      ],
      "featureId": "standalone-skills",
      "outputs": [
        {
          "kind": "standalone-skill",
          "path": ".claude/skills/skillset-claude-development/SKILL.md"
        }
      ],
      "schema": "skillset-render-result@1",
      "sourcePath": "skillset/skills/skillset-claude-development/SKILL.md",
      "sourceUnit": "skill:skillset-claude-development",
      "status": "rendered",
      "target": "claude"
    },
    {
      "destination": "skill",
      "evidence": [
        {
          "kind": "test",
          "note": "standalone skill rendering coverage",
          "ref": "apps/skillset/src/__tests__/skillset.test.ts"
        }
      ],
      "featureId": "standalone-skills",
      "outputs": [
        {
          "kind": "standalone-skill",
          "path": ".claude/skills/skillset-repo-test-fixtures/SKILL.md"
        }
      ],
      "schema": "skillset-render-result@1",
      "sourcePath": "skillset/skills/skillset-repo-test-fixtures/SKILL.md",
      "sourceUnit": "skill:skillset-repo-test-fixtures",
      "status": "rendered",
      "target": "claude"
    }
  ],
  "schemaVersion": 1,
  "selectedTargets": [
    "claude",
    "codex"
  ],
  "skillsetMetadata": true,
  "sourceRoot": "skillset",
  "target": "claude"
}
