{
  "buildMode": "updated",
  "features": {
    "promptArguments": true
  },
  "generatedBy": "skillset@0.1.0",
  "items": [
    {
      "files": [
        "skillset-adrs/SKILL.md",
        "skillset-adrs/assets/adr-management.md",
        "skillset-adrs/scripts/__tests__/promote-rewrite.test.ts",
        "skillset-adrs/scripts/adr.ts",
        "skillset-adrs/scripts/lib/cli.ts",
        "skillset-adrs/scripts/lib/decision-map.ts",
        "skillset-adrs/scripts/lib/discovery.ts",
        "skillset-adrs/scripts/lib/frontmatter.ts",
        "skillset-adrs/scripts/lib/git.ts",
        "skillset-adrs/scripts/lib/index.ts",
        "skillset-adrs/scripts/lib/paths.ts",
        "skillset-adrs/scripts/lib/references.ts"
      ],
      "kind": "standalone-skill",
      "name": "skillset-adrs",
      "outputHash": "sha256:2d8b1827edf14c73728636774799c7e14601201597c435567a2b3a9308399e29",
      "outputPath": "skillset-adrs/SKILL.md",
      "sourceHash": "sha256:b4f15e3dd5655f4e96f0ee31c937ddb1564de511afbcf7178f900ede8aca6fbb",
      "sourcePath": ".skillset/skills/skillset-adrs/SKILL.md",
      "version": "0.1.0"
    },
    {
      "files": [
        "skillset-claude-development/SKILL.md"
      ],
      "kind": "standalone-skill",
      "name": "skillset-claude-development",
      "outputHash": "sha256:5956a0f2b50d35f87aee12e0716cc63440f56a2cde4826daa35d0713cc2a8e2b",
      "outputPath": "skillset-claude-development/SKILL.md",
      "sourceHash": "sha256:5dcc76361a9a0f5f3b5646e8b515be97a97b6afe779b295e829faa842240711c",
      "sourcePath": ".skillset/skills/skillset-claude-development/SKILL.md",
      "version": "0.1.0"
    },
    {
      "files": [
        "skillset-repo-test-fixtures/SKILL.md"
      ],
      "kind": "standalone-skill",
      "name": "skillset-repo-test-fixtures",
      "outputHash": "sha256:66ce349f46964f0fe4ca342691603621058b98ce4eb5deb13bae1ccfd33778ed",
      "outputPath": "skillset-repo-test-fixtures/SKILL.md",
      "sourceHash": "sha256:430e5046d85f1f1099bfbd32afa8c97713d33c1e30bc27b5de8a07cba5905121",
      "sourcePath": ".skillset/skills/skillset-repo-test-fixtures/SKILL.md",
      "version": "0.1.2"
    }
  ],
  "outputRoot": ".claude/skills",
  "renderResults": [
    {
      "destination": "skill",
      "evidence": [
        {
          "kind": "docs",
          "ref": "docs/features/skills.md"
        },
        {
          "kind": "provider-overlay",
          "note": "Claude skill structure is currently documented in prose; no adopted JSON Schema source is available.",
          "ref": "claude-skill-frontmatter-overlay"
        },
        {
          "kind": "provider-snapshot",
          "note": "sha256:a67aece088a7d8b3baa57791ab66796f2479b207ddb1d01296fed73f99bae4bc",
          "ref": "claude-skill",
          "verifiedAt": "2026-06-23"
        }
      ],
      "featureId": "standalone-skills",
      "outputs": [
        {
          "kind": "standalone-skill",
          "path": ".claude/skills/skillset-adrs/SKILL.md"
        },
        {
          "kind": "standalone-skill",
          "path": ".claude/skills/skillset-adrs/assets/adr-management.md"
        },
        {
          "kind": "standalone-skill",
          "path": ".claude/skills/skillset-adrs/scripts/__tests__/promote-rewrite.test.ts"
        },
        {
          "kind": "standalone-skill",
          "path": ".claude/skills/skillset-adrs/scripts/adr.ts"
        },
        {
          "kind": "standalone-skill",
          "path": ".claude/skills/skillset-adrs/scripts/lib/cli.ts"
        },
        {
          "kind": "standalone-skill",
          "path": ".claude/skills/skillset-adrs/scripts/lib/decision-map.ts"
        },
        {
          "kind": "standalone-skill",
          "path": ".claude/skills/skillset-adrs/scripts/lib/discovery.ts"
        },
        {
          "kind": "standalone-skill",
          "path": ".claude/skills/skillset-adrs/scripts/lib/frontmatter.ts"
        },
        {
          "kind": "standalone-skill",
          "path": ".claude/skills/skillset-adrs/scripts/lib/git.ts"
        },
        {
          "kind": "standalone-skill",
          "path": ".claude/skills/skillset-adrs/scripts/lib/index.ts"
        },
        {
          "kind": "standalone-skill",
          "path": ".claude/skills/skillset-adrs/scripts/lib/paths.ts"
        },
        {
          "kind": "standalone-skill",
          "path": ".claude/skills/skillset-adrs/scripts/lib/references.ts"
        }
      ],
      "schema": "skillset-render-result@1",
      "sourcePath": ".skillset/skills/skillset-adrs/SKILL.md",
      "sourceUnit": "skill:skillset-adrs",
      "status": "rendered",
      "target": "claude"
    },
    {
      "destination": "skill",
      "evidence": [
        {
          "kind": "docs",
          "ref": "docs/features/skills.md"
        },
        {
          "kind": "provider-overlay",
          "note": "Claude skill structure is currently documented in prose; no adopted JSON Schema source is available.",
          "ref": "claude-skill-frontmatter-overlay"
        },
        {
          "kind": "provider-snapshot",
          "note": "sha256:a67aece088a7d8b3baa57791ab66796f2479b207ddb1d01296fed73f99bae4bc",
          "ref": "claude-skill",
          "verifiedAt": "2026-06-23"
        }
      ],
      "featureId": "standalone-skills",
      "outputs": [
        {
          "kind": "standalone-skill",
          "path": ".claude/skills/skillset-claude-development/SKILL.md"
        }
      ],
      "schema": "skillset-render-result@1",
      "sourcePath": ".skillset/skills/skillset-claude-development/SKILL.md",
      "sourceUnit": "skill:skillset-claude-development",
      "status": "rendered",
      "target": "claude"
    },
    {
      "destination": "skill",
      "evidence": [
        {
          "kind": "docs",
          "ref": "docs/features/skills.md"
        },
        {
          "kind": "provider-overlay",
          "note": "Claude skill structure is currently documented in prose; no adopted JSON Schema source is available.",
          "ref": "claude-skill-frontmatter-overlay"
        },
        {
          "kind": "provider-snapshot",
          "note": "sha256:a67aece088a7d8b3baa57791ab66796f2479b207ddb1d01296fed73f99bae4bc",
          "ref": "claude-skill",
          "verifiedAt": "2026-06-23"
        }
      ],
      "featureId": "standalone-skills",
      "outputs": [
        {
          "kind": "standalone-skill",
          "path": ".claude/skills/skillset-repo-test-fixtures/SKILL.md"
        }
      ],
      "schema": "skillset-render-result@1",
      "sourcePath": ".skillset/skills/skillset-repo-test-fixtures/SKILL.md",
      "sourceUnit": "skill:skillset-repo-test-fixtures",
      "status": "rendered",
      "target": "claude"
    }
  ],
  "schemaVersion": 1,
  "selectedTargets": [
    "claude",
    "codex",
    "cursor"
  ],
  "skillsetMetadata": true,
  "sourceRoot": ".skillset",
  "target": "workspace"
}
