{
  "buildMode": "updated",
  "features": {
    "promptArguments": true
  },
  "generatedBy": "skillset@0.1.0",
  "items": [
    {
      "fileModes": {
        "review-notes/SKILL.md": "0644"
      },
      "files": [
        "review-notes/SKILL.md"
      ],
      "kind": "standalone-skill",
      "name": "review-notes",
      "outputHash": "sha256:d7e45d1f26b5df36fee721eaa47cda653205534d8438362a98a5f84cfe40926b",
      "outputPath": "review-notes/SKILL.md",
      "sourceHash": "sha256:9b21f33653bd6e43148fb5f7eb1f59d9d0812b18d4dfaf88ab0757d2a45c35cf",
      "sourcePath": ".skillset/skills/review-notes/SKILL.md",
      "version": "0.1.0"
    }
  ],
  "outputRoot": ".agents/skills",
  "renderResults": [
    {
      "destination": "skill",
      "evidence": [
        {
          "kind": "docs",
          "ref": "docs/features/skills.md"
        },
        {
          "kind": "provider-schema",
          "note": "sha256:eebe9ca02eec5263cd23ff3945b3d3301e0b57861af2d53c76bd620b83ae355b",
          "ref": "codex-skill-metadata-schema",
          "verifiedAt": "2026-06-23"
        },
        {
          "kind": "provider-snapshot",
          "note": "sha256:7e36cc613d0443fcae2963e276a7994d2b321b04471ae2a8941e290ed2654050",
          "ref": "codex-skill",
          "verifiedAt": "2026-06-23"
        }
      ],
      "featureId": "standalone-skills",
      "outputs": [
        {
          "kind": "standalone-skill",
          "path": ".agents/skills/review-notes/SKILL.md"
        }
      ],
      "schema": "skillset-render-result@1",
      "sourcePath": ".skillset/skills/review-notes/SKILL.md",
      "sourceUnit": "skill:review-notes",
      "status": "rendered",
      "target": "codex"
    }
  ],
  "schemaVersion": 2,
  "selectedTargets": [
    "claude",
    "codex"
  ],
  "skillsetMetadata": true,
  "sourceRoot": ".skillset",
  "target": "workspace"
}
