{
  "generatedBy": "skillset@0.1.0",
  "items": [
    {
      "files": [
        "plugins/skillset/skills/use-skillset/SKILL.md"
      ],
      "kind": "plugin-skill",
      "name": "use-skillset",
      "outputHash": "sha256:fb5084cc80bf3a03519ad7de9468a1f240fd6231787d13f73219db9638594161",
      "outputPath": "plugins/skillset/skills/use-skillset/SKILL.md",
      "plugin": "skillset",
      "sourceHash": "sha256:e71e7bb1a293d10d8269106952177f253ab6a0fe57d58ec76e2b1c7712333e0c",
      "sourcePath": ".skillset/plugins/skillset/skills/use-skillset/SKILL.md",
      "version": "0.1.0"
    }
  ],
  "outputRoot": "plugins-codex",
  "schemaVersion": 1,
  "sourceRoot": ".skillset",
  "target": "codex"
}
