{
  "buildMode": "updated",
  "generatedBy": "skillset@0.1.0",
  "items": [
    {
      "files": [
        "plugins/skillset/.codex-plugin/plugin.json"
      ],
      "includedSkills": [
        "use-skillset@0.1.0"
      ],
      "kind": "plugin",
      "name": "skillset",
      "outputHash": "sha256:aabbf5b2b5c430a85fc25f31371e165010c63ecd742f6bf1296bd4c01bf709cc",
      "outputPath": "plugins/skillset/.codex-plugin/plugin.json",
      "skippedSkills": [],
      "sourceHash": "sha256:135d403031efe22c4f14e1b52401c5ce42e22436028c3022220a5d2ca0ae522c",
      "sourcePath": ".skillset/plugins/skillset",
      "targetState": "sync",
      "version": "0.1.0"
    },
    {
      "files": [
        "plugins/skillset/skills/use-skillset/SKILL.md"
      ],
      "kind": "plugin-skill",
      "name": "use-skillset",
      "outputHash": "sha256:3303ecb3cbef0f15c99af1ffaa30a4503717e0a6e650dbc4b06ac0e47a051963",
      "outputPath": "plugins/skillset/skills/use-skillset/SKILL.md",
      "plugin": "skillset",
      "sourceHash": "sha256:e1d2b082d4ca882e99c2ee72e8d9ff487a67fcd44b039571c276e362f1f2116a",
      "sourcePath": ".skillset/plugins/skillset/skills/use-skillset/SKILL.md",
      "version": "0.1.0"
    }
  ],
  "outputRoot": "plugins-codex",
  "schemaVersion": 1,
  "selectedTargets": [
    "claude",
    "codex"
  ],
  "skillsetMetadata": true,
  "sourceRoot": ".skillset",
  "target": "codex"
}
