{
  "generatedBy": "skillset@0.1.0",
  "items": [
    {
      "files": [
        "plugins/skillset/.codex-plugin/plugin.json"
      ],
      "includedSkills": [
        "use-skillset@0.1.0"
      ],
      "kind": "plugin",
      "name": "skillset",
      "outputHash": "sha256:87ca2e2809bc51b94fae8f186080a3cec76b7b9b67e94e88f92c2423d5b0c465",
      "outputPath": "plugins/skillset/.codex-plugin/plugin.json",
      "skippedSkills": [],
      "sourceHash": "sha256:46b811d70810bcc434fa64a110cc1f59f69b2cebdd2ab9e463ab89c8c66cf5b8",
      "sourcePath": ".skillset/plugins/skillset",
      "targetState": "sync",
      "version": "0.1.0"
    },
    {
      "files": [
        "plugins/skillset/skills/use-skillset/SKILL.md"
      ],
      "kind": "plugin-skill",
      "name": "use-skillset",
      "outputHash": "sha256:a3d5e7c5a63e5c46d007dbd4015cd4f89b5e3800702498d8c070bc051ac9282d",
      "outputPath": "plugins/skillset/skills/use-skillset/SKILL.md",
      "plugin": "skillset",
      "sourceHash": "sha256:a203385ba48ffe4bb7a54e127ab93e4c640065eeb51e9f91a02552d78ebff65b",
      "sourcePath": ".skillset/plugins/skillset/skills/use-skillset/SKILL.md",
      "version": "0.1.0"
    }
  ],
  "outputRoot": "plugins-codex",
  "schemaVersion": 1,
  "sourceRoot": ".skillset",
  "target": "codex"
}
