{
  "buildMode": "updated",
  "features": {
    "promptArguments": true
  },
  "generatedBy": "skillset@0.1.0",
  "items": [
    {
      "files": [
        "plugins/skillset/.codex-plugin/plugin.json"
      ],
      "includedSkills": [
        "use-skillset@0.1.1"
      ],
      "kind": "plugin",
      "name": "skillset",
      "outputHash": "sha256:4b431149a246d5d459d162c8ad6d79b59c79abae3d7c7a7726bcb454e7fdcff6",
      "outputPath": "plugins/skillset/.codex-plugin/plugin.json",
      "skippedSkills": [],
      "sourceHash": "sha256:0b4240dea28c814cb25736ea568ce4963308d7601dcd5652ba244aca1e7038c7",
      "sourcePath": ".skillset/plugins/skillset",
      "targetState": "sync",
      "version": "0.1.1"
    },
    {
      "files": [
        "plugins/skillset/skills/use-skillset/SKILL.md"
      ],
      "kind": "plugin-skill",
      "name": "use-skillset",
      "outputHash": "sha256:b73b43280504047394256f286f11d7a2e380beaf55b57c21d961a40e07237581",
      "outputPath": "plugins/skillset/skills/use-skillset/SKILL.md",
      "plugin": "skillset",
      "sourceHash": "sha256:3c5b8fdf06d0e8c51ec3055069a21e6b362f47231e8a60547e47c6ade753c44e",
      "sourcePath": ".skillset/plugins/skillset/skills/use-skillset/SKILL.md",
      "version": "0.1.1"
    }
  ],
  "outputRoot": "plugins-codex",
  "renderResults": [
    {
      "destination": "plugin-manifest",
      "evidence": [
        {
          "kind": "docs",
          "ref": "docs/features/plugins.md"
        },
        {
          "kind": "provider-overlay",
          "note": "Codex plugin manifest structure is currently documented in prose; no adopted JSON Schema source is available.",
          "ref": "codex-plugin-manifest-overlay"
        },
        {
          "kind": "provider-snapshot",
          "note": "sha256:ea1a87e3450a9c3959adfb9e1165fede2d9eca9fa9663d8e97f15d2a48ca3ae0",
          "ref": "codex-plugin",
          "verifiedAt": "2026-06-23"
        }
      ],
      "featureId": "plugin-manifests",
      "outputs": [
        {
          "kind": "plugin",
          "path": "plugins-codex/plugins/skillset/.codex-plugin/plugin.json"
        }
      ],
      "schema": "skillset-render-result@1",
      "sourcePath": ".skillset/plugins/skillset",
      "sourceUnit": "plugin.skillset.config:root",
      "status": "rendered",
      "target": "codex"
    },
    {
      "destination": "skill",
      "evidence": [
        {
          "kind": "docs",
          "ref": "docs/features/skills.md"
        },
        {
          "kind": "provider-schema",
          "note": "sha256:eebe9ca02eec5263cd23ff3945b3d3301e0b57861af2d53c76bd620b83ae355b",
          "ref": "codex-skill-metadata-schema",
          "verifiedAt": "2026-06-23"
        },
        {
          "kind": "provider-snapshot",
          "note": "sha256:7e36cc613d0443fcae2963e276a7994d2b321b04471ae2a8941e290ed2654050",
          "ref": "codex-skill",
          "verifiedAt": "2026-06-23"
        }
      ],
      "featureId": "plugin-skills",
      "outputs": [
        {
          "kind": "plugin-skill",
          "path": "plugins-codex/plugins/skillset/skills/use-skillset/SKILL.md"
        }
      ],
      "schema": "skillset-render-result@1",
      "sourcePath": ".skillset/plugins/skillset/skills/use-skillset/SKILL.md",
      "sourceUnit": "plugin.skillset.skill:use-skillset",
      "status": "rendered",
      "target": "codex"
    }
  ],
  "schemaVersion": 1,
  "selectedTargets": [
    "claude",
    "codex"
  ],
  "skillsetMetadata": true,
  "sourceRoot": ".skillset",
  "target": "codex"
}
