{
  "buildMode": "updated",
  "generatedBy": "skillset@0.1.0",
  "items": [
    {
      "files": [
        "fixtures.md"
      ],
      "kind": "rule",
      "name": "fixtures",
      "outputHash": "sha256:f68b4b3b9be122660c18b2ab501a0af1814c76f479c72e4d464c97451a36a3df",
      "outputPath": "fixtures.md",
      "sourceHash": "sha256:2803bec4ace563aabd98e3574d55872763bbefc6ff3caaef49d152e726a9959c",
      "sourcePath": ".skillset/instructions/fixtures.md",
      "version": "0.1.0"
    }
  ],
  "outputRoot": ".claude/rules",
  "schemaVersion": 1,
  "selectedTargets": [
    "claude",
    "codex"
  ],
  "skillsetMetadata": true,
  "sourceRoot": ".skillset",
  "target": "claude"
}
