{
  "buildMode": "updated",
  "features": {
    "promptArguments": true
  },
  "generatedBy": "skillset@0.1.0",
  "items": [
    {
      "fileModes": {
        "fixtures.md": "0644"
      },
      "files": [
        "fixtures.md"
      ],
      "kind": "rule",
      "name": "fixtures",
      "outputHash": "sha256:b8dd721e1ae56cab2aade8d122e400cd1d6a723cfad0f3c2b690623854d2bed6",
      "outputPath": "fixtures.md",
      "sourceHash": "sha256:1043977d0388d8a6732af71ad48dbdc966012ed28b6da39189ec0ebcdfaa6ed6",
      "sourcePath": ".skillset/rules/fixtures.md",
      "version": "0.1.1"
    }
  ],
  "outputRoot": ".claude/rules",
  "provenanceHash": "sha256:6043a17ef996152fddd250f4e6ff0eec23f45c2a850d1cc9a7ac50244e194bea",
  "renderResults": [
    {
      "destination": "instruction",
      "evidence": [
        {
          "kind": "docs",
          "ref": "docs/reference/features/instructions.md"
        }
      ],
      "featureId": "project-instructions",
      "outputs": [
        {
          "kind": "rule",
          "path": ".claude/rules/fixtures.md"
        }
      ],
      "schema": "skillset-render-result@1",
      "sourcePath": ".skillset/rules/fixtures.md",
      "sourceUnit": "instruction:fixtures",
      "status": "transformed",
      "target": "claude"
    }
  ],
  "schemaVersion": 2,
  "selectedTargets": [
    "claude",
    "codex",
    "cursor"
  ],
  "skillsetMetadata": true,
  "sourceRoot": ".skillset",
  "target": "claude"
}
