{
  "buildMode": "updated",
  "features": {
    "promptArguments": true
  },
  "generatedBy": "skillset@0.1.0",
  "items": [
    {
      "fileModes": {
        "fixtures.md": "0644"
      },
      "files": [
        "fixtures.md"
      ],
      "kind": "rule",
      "name": "fixtures",
      "outputHash": "sha256:044e187861bab6a4c8c22eeff0a3b6688f5a86eaa0d7a66b0e76bc84a3b8e1e9",
      "outputPath": "fixtures.md",
      "sourceHash": "sha256:3d87ce1731a991776a4e2125f3251a5ebdfdb1845f42a049ffed4ba361d9db36",
      "sourcePath": ".skillset/rules/fixtures.md",
      "version": "0.1.1"
    }
  ],
  "outputRoot": ".claude/rules",
  "renderResults": [
    {
      "destination": "instruction",
      "evidence": [
        {
          "kind": "docs",
          "ref": "docs/features/instructions.md"
        }
      ],
      "featureId": "project-instructions",
      "outputs": [
        {
          "kind": "rule",
          "path": ".claude/rules/fixtures.md"
        }
      ],
      "schema": "skillset-render-result@1",
      "sourcePath": ".skillset/rules/fixtures.md",
      "sourceUnit": "instruction:fixtures",
      "status": "transformed",
      "target": "claude"
    }
  ],
  "schemaVersion": 2,
  "selectedTargets": [
    "claude",
    "codex",
    "cursor"
  ],
  "skillsetMetadata": true,
  "sourceRoot": ".skillset",
  "target": "claude"
}
