{
  "buildMode": "updated",
  "features": {
    "promptArguments": true
  },
  "generatedBy": "skillset@0.1.0",
  "items": [
    {
      "fileModes": {
        "fixtures.md": "0644"
      },
      "files": [
        "fixtures.md"
      ],
      "kind": "rule",
      "name": "fixtures",
      "outputHash": "sha256:b8dd721e1ae56cab2aade8d122e400cd1d6a723cfad0f3c2b690623854d2bed6",
      "outputPath": "fixtures.md",
      "sourceHash": "sha256:1043977d0388d8a6732af71ad48dbdc966012ed28b6da39189ec0ebcdfaa6ed6",
      "sourcePath": ".skillset/rules/fixtures.md",
      "version": "0.1.1"
    }
  ],
  "outputRoot": ".claude/rules",
  "provenanceHash": "sha256:41791f8e261fe72abccb0d0083084d6a8540f18315f6509b6e749b3d3f313251",
  "renderResults": [
    {
      "destination": "instruction",
      "evidence": [
        {
          "kind": "docs",
          "ref": "docs/reference/features/instructions.md"
        }
      ],
      "featureId": "project-instructions",
      "outputs": [
        {
          "kind": "rule",
          "path": ".claude/rules/fixtures.md"
        }
      ],
      "schema": "skillset-render-result@2",
      "sourcePath": ".skillset/rules/fixtures.md",
      "sourceUnit": "instruction:fixtures",
      "status": "transformed",
      "target": "claude"
    }
  ],
  "schemaVersion": 3,
  "selectedStandards": [
    "agent-instructions",
    "agent-plugins-1.0",
    "agent-skills"
  ],
  "selectedTargets": [
    "claude",
    "codex",
    "cursor"
  ],
  "skillsetMetadata": true,
  "sourceRoot": ".skillset",
  "standardProfileEvidence": {
    "agent-instructions": "sha256:b206ce58a0510947e758be1ff9f8b3fa6dbcb3d2e3e80640a8d6f2d5f5249061",
    "agent-plugins-1.0": "sha256:19f50c63e175f8bfe4e272b96bda66a794c7f5e1279ab83976e09a0e56ce2a43",
    "agent-skills": "sha256:d0a3948896fbe324fccb75ace937fae2fe20ba263639f545a2bf90e6a42a296a"
  },
  "target": "claude"
}
